PODS:
  - BitmovinAnalyticsCollector/AVPlayer (1.17.0)
  - BitmovinAnalyticsCollector/Core (1.17.0)

DEPENDENCIES:
  - BitmovinAnalyticsCollector/AVPlayer (from `https://github.com/bitmovin/bitmovin-analytics-collector-ios.git`, tag `1.17.0`)
  - BitmovinAnalyticsCollector/Core (from `https://github.com/bitmovin/bitmovin-analytics-collector-ios.git`, tag `1.17.0`)

EXTERNAL SOURCES:
  BitmovinAnalyticsCollector:
    :git: https://github.com/bitmovin/bitmovin-analytics-collector-ios.git
    :tag: 1.17.0

CHECKOUT OPTIONS:
  BitmovinAnalyticsCollector:
    :git: https://github.com/bitmovin/bitmovin-analytics-collector-ios.git
    :tag: 1.17.0

SPEC CHECKSUMS:
  BitmovinAnalyticsCollector: 8c1b5bf77059edda69de13747825834e6f0dedd1

PODFILE CHECKSUM: 091622fdee11d53c88eea367ef54473f56203f89

COCOAPODS: 1.10.0
