// !$*UTF8*$!
{
	archiveVersion = 1;
	classes = {
	};
	objectVersion = 46;
	objects = {

/* Begin PBXBuildFile section */
		1B2A691BA366FF7BF2FD26F1 /* libPods-Sample.a in Frameworks */ = {isa = PBXBuildFile; fileRef = 619076849F8D91F608C3A991 /* libPods-Sample.a */; };
		9A314D1D1CECBAE700672126 /* AppDelegate.swift in Sources */ = {isa = PBXBuildFile; fileRef = 9A314D1C1CECBAE700672126 /* AppDelegate.swift */; };
		9A314D1F1CECBAE700672126 /* PlayerViewController.swift in Sources */ = {isa = PBXBuildFile; fileRef = 9A314D1E1CECBAE700672126 /* PlayerViewController.swift */; };
		9A314D221CECBAE700672126 /* Main.storyboard in Resources */ = {isa = PBXBuildFile; fileRef = 9A314D201CECBAE700672126 /* Main.storyboard */; };
		9A314D241CECBAE700672126 /* Assets.xcassets in Resources */ = {isa = PBXBuildFile; fileRef = 9A314D231CECBAE700672126 /* Assets.xcassets */; };
		9A314D271CECBAE700672126 /* LaunchScreen.storyboard in Resources */ = {isa = PBXBuildFile; fileRef = 9A314D251CECBAE700672126 /* LaunchScreen.storyboard */; };
		9A4BE75B1CEE576200400E66 /* SambaApi.swift in Sources */ = {isa = PBXBuildFile; fileRef = 9A4BE75A1CEE576200400E66 /* SambaApi.swift */; };
		9A4BE7601CEE57DC00400E66 /* Commons.swift in Sources */ = {isa = PBXBuildFile; fileRef = 9A4BE75F1CEE57DC00400E66 /* Commons.swift */; };
		9A4BE7621CEE57F600400E66 /* SambaMedia.swift in Sources */ = {isa = PBXBuildFile; fileRef = 9A4BE7611CEE57F600400E66 /* SambaMedia.swift */; };
		9A4BE7641CEE57FA00400E66 /* SambaMediaRequest.swift in Sources */ = {isa = PBXBuildFile; fileRef = 9A4BE7631CEE57FA00400E66 /* SambaMediaRequest.swift */; };
		9A89C4631CF4A560001BC442 /* OutputMenuViewController.swift in Sources */ = {isa = PBXBuildFile; fileRef = 9A89C4611CF4A560001BC442 /* OutputMenuViewController.swift */; };
		9A89C4641CF4A560001BC442 /* OutputMenu.xib in Resources */ = {isa = PBXBuildFile; fileRef = 9A89C4621CF4A560001BC442 /* OutputMenu.xib */; };
		9A97C3FA1CEF45F400F33E7F /* SambaPlayer.swift in Sources */ = {isa = PBXBuildFile; fileRef = 9A97C3F91CEF45F400F33E7F /* SambaPlayer.swift */; };
		9A97C3FE1CEF9C7300F33E7F /* MediaListViewController.swift in Sources */ = {isa = PBXBuildFile; fileRef = 9A97C3FB1CEF9C7300F33E7F /* MediaListViewController.swift */; };
		9A97C3FF1CEF9C7300F33E7F /* MediaListTableViewCell.swift in Sources */ = {isa = PBXBuildFile; fileRef = 9A97C3FC1CEF9C7300F33E7F /* MediaListTableViewCell.swift */; };
		9A97C4001CEF9C7300F33E7F /* Settings.plist in Resources */ = {isa = PBXBuildFile; fileRef = 9A97C3FD1CEF9C7300F33E7F /* Settings.plist */; };
		9AE740CC1CF6506000018072 /* Alamofire.framework in Frameworks */ = {isa = PBXBuildFile; fileRef = 9A1BFBD41CEE4F1A0003597B /* Alamofire.framework */; };
		E092AA9B1D05B77D00B82515 /* STTM.swift in Sources */ = {isa = PBXBuildFile; fileRef = E092AA9A1D05B77D00B82515 /* STTM.swift */; };
		E092AA9D1D05B7CA00B82515 /* Tracking.swift in Sources */ = {isa = PBXBuildFile; fileRef = E092AA9C1D05B7CA00B82515 /* Tracking.swift */; };
/* End PBXBuildFile section */

/* Begin PBXFileReference section */
		474BC909A511677E94996B5F /* Pods-Sample.debug.xcconfig */ = {isa = PBXFileReference; includeInIndex = 1; lastKnownFileType = text.xcconfig; name = "Pods-Sample.debug.xcconfig"; path = "Pods/Target Support Files/Pods-Sample/Pods-Sample.debug.xcconfig"; sourceTree = "<group>"; };
		619076849F8D91F608C3A991 /* libPods-Sample.a */ = {isa = PBXFileReference; explicitFileType = archive.ar; includeInIndex = 0; path = "libPods-Sample.a"; sourceTree = BUILT_PRODUCTS_DIR; };
		9A1BFBD41CEE4F1A0003597B /* Alamofire.framework */ = {isa = PBXFileReference; lastKnownFileType = wrapper.framework; name = Alamofire.framework; path = Carthage/Build/iOS/Alamofire.framework; sourceTree = "<group>"; };
		9A21B3661CED05AD00AC957A /* Sample-Bridging-Header.h */ = {isa = PBXFileReference; lastKnownFileType = sourcecode.c.h; path = "Sample-Bridging-Header.h"; sourceTree = "<group>"; };
		9A314D191CECBAE700672126 /* Sample.app */ = {isa = PBXFileReference; explicitFileType = wrapper.application; includeInIndex = 0; path = Sample.app; sourceTree = BUILT_PRODUCTS_DIR; };
		9A314D1C1CECBAE700672126 /* AppDelegate.swift */ = {isa = PBXFileReference; lastKnownFileType = sourcecode.swift; path = AppDelegate.swift; sourceTree = "<group>"; };
		9A314D1E1CECBAE700672126 /* PlayerViewController.swift */ = {isa = PBXFileReference; lastKnownFileType = sourcecode.swift; path = PlayerViewController.swift; sourceTree = "<group>"; };
		9A314D211CECBAE700672126 /* Base */ = {isa = PBXFileReference; lastKnownFileType = file.storyboard; name = Base; path = Base.lproj/Main.storyboard; sourceTree = "<group>"; };
		9A314D231CECBAE700672126 /* Assets.xcassets */ = {isa = PBXFileReference; lastKnownFileType = folder.assetcatalog; path = Assets.xcassets; sourceTree = "<group>"; };
		9A314D261CECBAE700672126 /* Base */ = {isa = PBXFileReference; lastKnownFileType = file.storyboard; name = Base; path = Base.lproj/LaunchScreen.storyboard; sourceTree = "<group>"; };
		9A314D281CECBAE700672126 /* Info.plist */ = {isa = PBXFileReference; lastKnownFileType = text.plist.xml; path = Info.plist; sourceTree = "<group>"; };
		9A4BE75A1CEE576200400E66 /* SambaApi.swift */ = {isa = PBXFileReference; fileEncoding = 4; lastKnownFileType = sourcecode.swift; path = SambaApi.swift; sourceTree = "<group>"; };
		9A4BE75F1CEE57DC00400E66 /* Commons.swift */ = {isa = PBXFileReference; fileEncoding = 4; lastKnownFileType = sourcecode.swift; path = Commons.swift; sourceTree = "<group>"; };
		9A4BE7611CEE57F600400E66 /* SambaMedia.swift */ = {isa = PBXFileReference; fileEncoding = 4; lastKnownFileType = sourcecode.swift; path = SambaMedia.swift; sourceTree = "<group>"; };
		9A4BE7631CEE57FA00400E66 /* SambaMediaRequest.swift */ = {isa = PBXFileReference; fileEncoding = 4; lastKnownFileType = sourcecode.swift; path = SambaMediaRequest.swift; sourceTree = "<group>"; };
		9A89C4611CF4A560001BC442 /* OutputMenuViewController.swift */ = {isa = PBXFileReference; fileEncoding = 4; lastKnownFileType = sourcecode.swift; path = OutputMenuViewController.swift; sourceTree = "<group>"; };
		9A89C4621CF4A560001BC442 /* OutputMenu.xib */ = {isa = PBXFileReference; fileEncoding = 4; lastKnownFileType = file.xib; path = OutputMenu.xib; sourceTree = "<group>"; };
		9A97C3F91CEF45F400F33E7F /* SambaPlayer.swift */ = {isa = PBXFileReference; fileEncoding = 4; lastKnownFileType = sourcecode.swift; path = SambaPlayer.swift; sourceTree = "<group>"; };
		9A97C3FB1CEF9C7300F33E7F /* MediaListViewController.swift */ = {isa = PBXFileReference; fileEncoding = 4; lastKnownFileType = sourcecode.swift; path = MediaListViewController.swift; sourceTree = "<group>"; };
		9A97C3FC1CEF9C7300F33E7F /* MediaListTableViewCell.swift */ = {isa = PBXFileReference; fileEncoding = 4; lastKnownFileType = sourcecode.swift; path = MediaListTableViewCell.swift; sourceTree = "<group>"; };
		9A97C3FD1CEF9C7300F33E7F /* Settings.plist */ = {isa = PBXFileReference; fileEncoding = 4; lastKnownFileType = text.plist.xml; path = Settings.plist; sourceTree = "<group>"; };
		E092AA9A1D05B77D00B82515 /* STTM.swift */ = {isa = PBXFileReference; fileEncoding = 4; lastKnownFileType = sourcecode.swift; path = STTM.swift; sourceTree = "<group>"; };
		E092AA9C1D05B7CA00B82515 /* Tracking.swift */ = {isa = PBXFileReference; fileEncoding = 4; lastKnownFileType = sourcecode.swift; path = Tracking.swift; sourceTree = "<group>"; };
		E9B69A227579946C026D7E73 /* Pods-Sample.release.xcconfig */ = {isa = PBXFileReference; includeInIndex = 1; lastKnownFileType = text.xcconfig; name = "Pods-Sample.release.xcconfig"; path = "Pods/Target Support Files/Pods-Sample/Pods-Sample.release.xcconfig"; sourceTree = "<group>"; };
/* End PBXFileReference section */

/* Begin PBXFrameworksBuildPhase section */
		9A314D161CECBAE700672126 /* Frameworks */ = {
			isa = PBXFrameworksBuildPhase;
			buildActionMask = 2147483647;
			files = (
				1B2A691BA366FF7BF2FD26F1 /* libPods-Sample.a in Frameworks */,
				9AE740CC1CF6506000018072 /* Alamofire.framework in Frameworks */,
			);
			runOnlyForDeploymentPostprocessing = 0;
		};
/* End PBXFrameworksBuildPhase section */

/* Begin PBXGroup section */
		7D67FC9DF9AAFC49B1427AB1 /* Pods */ = {
			isa = PBXGroup;
			children = (
				474BC909A511677E94996B5F /* Pods-Sample.debug.xcconfig */,
				E9B69A227579946C026D7E73 /* Pods-Sample.release.xcconfig */,
			);
			name = Pods;
			sourceTree = "<group>";
		};
		9A314D101CECBAE700672126 = {
			isa = PBXGroup;
			children = (
				9A314D1B1CECBAE700672126 /* Sample */,
				9A314D1A1CECBAE700672126 /* Products */,
				7D67FC9DF9AAFC49B1427AB1 /* Pods */,
				A7B045F2FDE205C9E2C927E2 /* Frameworks */,
			);
			sourceTree = "<group>";
		};
		9A314D1A1CECBAE700672126 /* Products */ = {
			isa = PBXGroup;
			children = (
				9A314D191CECBAE700672126 /* Sample.app */,
			);
			name = Products;
			sourceTree = "<group>";
		};
		9A314D1B1CECBAE700672126 /* Sample */ = {
			isa = PBXGroup;
			children = (
				9A89C4611CF4A560001BC442 /* OutputMenuViewController.swift */,
				9A89C4621CF4A560001BC442 /* OutputMenu.xib */,
				9A314D1C1CECBAE700672126 /* AppDelegate.swift */,
				9A314D1E1CECBAE700672126 /* PlayerViewController.swift */,
				9A314D201CECBAE700672126 /* Main.storyboard */,
				9A4BE7661CEE584600400E66 /* Utils */,
				9A314D231CECBAE700672126 /* Assets.xcassets */,
				9A314D251CECBAE700672126 /* LaunchScreen.storyboard */,
				9A4BE7651CEE581400400E66 /* Models */,
				9A314D281CECBAE700672126 /* Info.plist */,
				9A97C3FB1CEF9C7300F33E7F /* MediaListViewController.swift */,
				9A97C3FC1CEF9C7300F33E7F /* MediaListTableViewCell.swift */,
				9A97C3FD1CEF9C7300F33E7F /* Settings.plist */,
				9A21B3661CED05AD00AC957A /* Sample-Bridging-Header.h */,
				9A97C3F91CEF45F400F33E7F /* SambaPlayer.swift */,
				9A4BE75A1CEE576200400E66 /* SambaApi.swift */,
				E092AA9C1D05B7CA00B82515 /* Tracking.swift */,
			);
			path = Sample;
			sourceTree = "<group>";
		};
		9A4BE7651CEE581400400E66 /* Models */ = {
			isa = PBXGroup;
			children = (
				E092AA9A1D05B77D00B82515 /* STTM.swift */,
				9A4BE7611CEE57F600400E66 /* SambaMedia.swift */,
				9A4BE7631CEE57FA00400E66 /* SambaMediaRequest.swift */,
			);
			name = Models;
			sourceTree = "<group>";
		};
		9A4BE7661CEE584600400E66 /* Utils */ = {
			isa = PBXGroup;
			children = (
				9A4BE75F1CEE57DC00400E66 /* Commons.swift */,
			);
			name = Utils;
			sourceTree = "<group>";
		};
		A7B045F2FDE205C9E2C927E2 /* Frameworks */ = {
			isa = PBXGroup;
			children = (
				9A1BFBD41CEE4F1A0003597B /* Alamofire.framework */,
				619076849F8D91F608C3A991 /* libPods-Sample.a */,
			);
			name = Frameworks;
			sourceTree = "<group>";
		};
/* End PBXGroup section */

/* Begin PBXNativeTarget section */
		9A314D181CECBAE700672126 /* Sample */ = {
			isa = PBXNativeTarget;
			buildConfigurationList = 9A314D2B1CECBAE700672126 /* Build configuration list for PBXNativeTarget "Sample" */;
			buildPhases = (
				8DAEDDA9ECCE5F9EBEC5E5CA /* 📦 Check Pods Manifest.lock */,
				9A314D151CECBAE700672126 /* Sources */,
				9A314D161CECBAE700672126 /* Frameworks */,
				9A314D171CECBAE700672126 /* Resources */,
				A3D2015DC98CE70EB64D5491 /* 📦 Embed Pods Frameworks */,
				CE43ADE4ED71ADDB6830EE5E /* 📦 Copy Pods Resources */,
				9A1BFBD61CEE4FF10003597B /* Run Script */,
				D02D3CCB05372D4C9585BADF /* Embed Pods Frameworks */,
			);
			buildRules = (
			);
			dependencies = (
			);
			name = Sample;
			productName = Sample;
			productReference = 9A314D191CECBAE700672126 /* Sample.app */;
			productType = "com.apple.product-type.application";
		};
/* End PBXNativeTarget section */

/* Begin PBXProject section */
		9A314D111CECBAE700672126 /* Project object */ = {
			isa = PBXProject;
			attributes = {
				LastSwiftUpdateCheck = 0720;
				LastUpgradeCheck = 0720;
				ORGANIZATIONNAME = "Samba Tech";
				TargetAttributes = {
					9A314D181CECBAE700672126 = {
						CreatedOnToolsVersion = 7.2.1;
						DevelopmentTeam = A68AA84976;
					};
				};
			};
			buildConfigurationList = 9A314D141CECBAE700672126 /* Build configuration list for PBXProject "Sample" */;
			compatibilityVersion = "Xcode 3.2";
			developmentRegion = English;
			hasScannedForEncodings = 0;
			knownRegions = (
				en,
				Base,
			);
			mainGroup = 9A314D101CECBAE700672126;
			productRefGroup = 9A314D1A1CECBAE700672126 /* Products */;
			projectDirPath = "";
			projectRoot = "";
			targets = (
				9A314D181CECBAE700672126 /* Sample */,
			);
		};
/* End PBXProject section */

/* Begin PBXResourcesBuildPhase section */
		9A314D171CECBAE700672126 /* Resources */ = {
			isa = PBXResourcesBuildPhase;
			buildActionMask = 2147483647;
			files = (
				9A89C4641CF4A560001BC442 /* OutputMenu.xib in Resources */,
				9A314D271CECBAE700672126 /* LaunchScreen.storyboard in Resources */,
				9A97C4001CEF9C7300F33E7F /* Settings.plist in Resources */,
				9A314D241CECBAE700672126 /* Assets.xcassets in Resources */,
				9A314D221CECBAE700672126 /* Main.storyboard in Resources */,
			);
			runOnlyForDeploymentPostprocessing = 0;
		};
/* End PBXResourcesBuildPhase section */

/* Begin PBXShellScriptBuildPhase section */
		8DAEDDA9ECCE5F9EBEC5E5CA /* 📦 Check Pods Manifest.lock */ = {
			isa = PBXShellScriptBuildPhase;
			buildActionMask = 2147483647;
			files = (
			);
			inputPaths = (
			);
			name = "📦 Check Pods Manifest.lock";
			outputPaths = (
			);
			runOnlyForDeploymentPostprocessing = 0;
			shellPath = /bin/sh;
			shellScript = "diff \"${PODS_ROOT}/../Podfile.lock\" \"${PODS_ROOT}/Manifest.lock\" > /dev/null\nif [[ $? != 0 ]] ; then\n    cat << EOM\nerror: The sandbox is not in sync with the Podfile.lock. Run 'pod install' or update your CocoaPods installation.\nEOM\n    exit 1\nfi\n";
			showEnvVarsInLog = 0;
		};
		9A1BFBD61CEE4FF10003597B /* Run Script */ = {
			isa = PBXShellScriptBuildPhase;
			buildActionMask = 2147483647;
			files = (
			);
			inputPaths = (
				"$(SRCROOT)/Carthage/Build/iOS/Alamofire.framework",
			);
			name = "Run Script";
			outputPaths = (
			);
			runOnlyForDeploymentPostprocessing = 0;
			shellPath = /bin/sh;
			shellScript = "/usr/local/bin/carthage copy-frameworks";
		};
		A3D2015DC98CE70EB64D5491 /* 📦 Embed Pods Frameworks */ = {
			isa = PBXShellScriptBuildPhase;
			buildActionMask = 2147483647;
			files = (
			);
			inputPaths = (
			);
			name = "📦 Embed Pods Frameworks";
			outputPaths = (
			);
			runOnlyForDeploymentPostprocessing = 0;
			shellPath = /bin/sh;
			shellScript = "\"${SRCROOT}/Pods/Target Support Files/Pods-Sample/Pods-Sample-frameworks.sh\"\n";
			showEnvVarsInLog = 0;
		};
		CE43ADE4ED71ADDB6830EE5E /* 📦 Copy Pods Resources */ = {
			isa = PBXShellScriptBuildPhase;
			buildActionMask = 2147483647;
			files = (
			);
			inputPaths = (
			);
			name = "📦 Copy Pods Resources";
			outputPaths = (
			);
			runOnlyForDeploymentPostprocessing = 0;
			shellPath = /bin/sh;
			shellScript = "\"${SRCROOT}/Pods/Target Support Files/Pods-Sample/Pods-Sample-resources.sh\"\n";
			showEnvVarsInLog = 0;
		};
		D02D3CCB05372D4C9585BADF /* Embed Pods Frameworks */ = {
			isa = PBXShellScriptBuildPhase;
			buildActionMask = 2147483647;
			files = (
			);
			inputPaths = (
			);
			name = "Embed Pods Frameworks";
			outputPaths = (
			);
			runOnlyForDeploymentPostprocessing = 0;
			shellPath = /bin/sh;
			shellScript = "\"${SRCROOT}/Pods/Target Support Files/Pods-Sample/Pods-Sample-frameworks.sh\"\n\n";
			showEnvVarsInLog = 0;
		};
/* End PBXShellScriptBuildPhase section */

/* Begin PBXSourcesBuildPhase section */
		9A314D151CECBAE700672126 /* Sources */ = {
			isa = PBXSourcesBuildPhase;
			buildActionMask = 2147483647;
			files = (
				E092AA9D1D05B7CA00B82515 /* Tracking.swift in Sources */,
				9A4BE7601CEE57DC00400E66 /* Commons.swift in Sources */,
				9A4BE7641CEE57FA00400E66 /* SambaMediaRequest.swift in Sources */,
				9A97C3FA1CEF45F400F33E7F /* SambaPlayer.swift in Sources */,
				9A97C3FE1CEF9C7300F33E7F /* MediaListViewController.swift in Sources */,
				9A314D1F1CECBAE700672126 /* PlayerViewController.swift in Sources */,
				9A4BE75B1CEE576200400E66 /* SambaApi.swift in Sources */,
				9A97C3FF1CEF9C7300F33E7F /* MediaListTableViewCell.swift in Sources */,
				9A314D1D1CECBAE700672126 /* AppDelegate.swift in Sources */,
				E092AA9B1D05B77D00B82515 /* STTM.swift in Sources */,
				9A89C4631CF4A560001BC442 /* OutputMenuViewController.swift in Sources */,
				9A4BE7621CEE57F600400E66 /* SambaMedia.swift in Sources */,
			);
			runOnlyForDeploymentPostprocessing = 0;
		};
/* End PBXSourcesBuildPhase section */

/* Begin PBXVariantGroup section */
		9A314D201CECBAE700672126 /* Main.storyboard */ = {
			isa = PBXVariantGroup;
			children = (
				9A314D211CECBAE700672126 /* Base */,
			);
			name = Main.storyboard;
			sourceTree = "<group>";
		};
		9A314D251CECBAE700672126 /* LaunchScreen.storyboard */ = {
			isa = PBXVariantGroup;
			children = (
				9A314D261CECBAE700672126 /* Base */,
			);
			name = LaunchScreen.storyboard;
			sourceTree = "<group>";
		};
/* End PBXVariantGroup section */

/* Begin XCBuildConfiguration section */
		9A314D291CECBAE700672126 /* Debug */ = {
			isa = XCBuildConfiguration;
			buildSettings = {
				ALWAYS_SEARCH_USER_PATHS = NO;
				CLANG_CXX_LANGUAGE_STANDARD = "gnu++0x";
				CLANG_CXX_LIBRARY = "libc++";
				CLANG_ENABLE_MODULES = YES;
				CLANG_ENABLE_OBJC_ARC = YES;
				CLANG_WARN_BOOL_CONVERSION = YES;
				CLANG_WARN_CONSTANT_CONVERSION = YES;
				CLANG_WARN_DIRECT_OBJC_ISA_USAGE = YES_ERROR;
				CLANG_WARN_EMPTY_BODY = YES;
				CLANG_WARN_ENUM_CONVERSION = YES;
				CLANG_WARN_INT_CONVERSION = YES;
				CLANG_WARN_OBJC_ROOT_CLASS = YES_ERROR;
				CLANG_WARN_UNREACHABLE_CODE = YES;
				CLANG_WARN__DUPLICATE_METHOD_MATCH = YES;
				"CODE_SIGN_IDENTITY[sdk=iphoneos*]" = "iPhone Developer";
				COPY_PHASE_STRIP = NO;
				DEBUG_INFORMATION_FORMAT = dwarf;
				ENABLE_BITCODE = NO;
				ENABLE_STRICT_OBJC_MSGSEND = YES;
				ENABLE_TESTABILITY = YES;
				GCC_C_LANGUAGE_STANDARD = gnu99;
				GCC_DYNAMIC_NO_PIC = NO;
				GCC_NO_COMMON_BLOCKS = YES;
				GCC_OPTIMIZATION_LEVEL = 0;
				GCC_PREPROCESSOR_DEFINITIONS = (
					"DEBUG=1",
					"$(inherited)",
				);
				GCC_WARN_64_TO_32_BIT_CONVERSION = YES;
				GCC_WARN_ABOUT_RETURN_TYPE = YES_ERROR;
				GCC_WARN_UNDECLARED_SELECTOR = YES;
				GCC_WARN_UNINITIALIZED_AUTOS = YES_AGGRESSIVE;
				GCC_WARN_UNUSED_FUNCTION = YES;
				GCC_WARN_UNUSED_VARIABLE = YES;
				IPHONEOS_DEPLOYMENT_TARGET = 9.2;
				MTL_ENABLE_DEBUG_INFO = YES;
				ONLY_ACTIVE_ARCH = YES;
				SDKROOT = iphoneos;
				SWIFT_OBJC_BRIDGING_HEADER = "Sample/Sample-Bridging-Header.h";
				SWIFT_OPTIMIZATION_LEVEL = "-Onone";
				TARGETED_DEVICE_FAMILY = "1,2";
			};
			name = Debug;
		};
		9A314D2A1CECBAE700672126 /* Release */ = {
			isa = XCBuildConfiguration;
			buildSettings = {
				ALWAYS_SEARCH_USER_PATHS = NO;
				CLANG_CXX_LANGUAGE_STANDARD = "gnu++0x";
				CLANG_CXX_LIBRARY = "libc++";
				CLANG_ENABLE_MODULES = YES;
				CLANG_ENABLE_OBJC_ARC = YES;
				CLANG_WARN_BOOL_CONVERSION = YES;
				CLANG_WARN_CONSTANT_CONVERSION = YES;
				CLANG_WARN_DIRECT_OBJC_ISA_USAGE = YES_ERROR;
				CLANG_WARN_EMPTY_BODY = YES;
				CLANG_WARN_ENUM_CONVERSION = YES;
				CLANG_WARN_INT_CONVERSION = YES;
				CLANG_WARN_OBJC_ROOT_CLASS = YES_ERROR;
				CLANG_WARN_UNREACHABLE_CODE = YES;
				CLANG_WARN__DUPLICATE_METHOD_MATCH = YES;
				"CODE_SIGN_IDENTITY[sdk=iphoneos*]" = "iPhone Developer";
				COPY_PHASE_STRIP = NO;
				DEBUG_INFORMATION_FORMAT = "dwarf-with-dsym";
				ENABLE_BITCODE = NO;
				ENABLE_NS_ASSERTIONS = NO;
				ENABLE_STRICT_OBJC_MSGSEND = YES;
				GCC_C_LANGUAGE_STANDARD = gnu99;
				GCC_NO_COMMON_BLOCKS = YES;
				GCC_WARN_64_TO_32_BIT_CONVERSION = YES;
				GCC_WARN_ABOUT_RETURN_TYPE = YES_ERROR;
				GCC_WARN_UNDECLARED_SELECTOR = YES;
				GCC_WARN_UNINITIALIZED_AUTOS = YES_AGGRESSIVE;
				GCC_WARN_UNUSED_FUNCTION = YES;
				GCC_WARN_UNUSED_VARIABLE = YES;
				IPHONEOS_DEPLOYMENT_TARGET = 9.2;
				MTL_ENABLE_DEBUG_INFO = NO;
				SDKROOT = iphoneos;
				SWIFT_OBJC_BRIDGING_HEADER = "Sample/Sample-Bridging-Header.h";
				TARGETED_DEVICE_FAMILY = "1,2";
				VALIDATE_PRODUCT = YES;
			};
			name = Release;
		};
		9A314D2C1CECBAE700672126 /* Debug */ = {
			isa = XCBuildConfiguration;
			baseConfigurationReference = 474BC909A511677E94996B5F /* Pods-Sample.debug.xcconfig */;
			buildSettings = {
				ASSETCATALOG_COMPILER_APPICON_NAME = AppIcon;
				CODE_SIGN_IDENTITY = "iPhone Developer";
				"CODE_SIGN_IDENTITY[sdk=iphoneos*]" = "iPhone Developer";
				ENABLE_BITCODE = NO;
				FRAMEWORK_SEARCH_PATHS = (
					"$(inherited)",
					"$(PROJECT_DIR)/Carthage/Build/iOS",
				);
				INFOPLIST_FILE = Sample/Info.plist;
				LD_RUNPATH_SEARCH_PATHS = "$(inherited) @executable_path/Frameworks";
				PRODUCT_BUNDLE_IDENTIFIER = com.sambatech.Sample.XXX;
				PRODUCT_NAME = "$(TARGET_NAME)";
				PROVISIONING_PROFILE = "";
			};
			name = Debug;
		};
		9A314D2D1CECBAE700672126 /* Release */ = {
			isa = XCBuildConfiguration;
			baseConfigurationReference = E9B69A227579946C026D7E73 /* Pods-Sample.release.xcconfig */;
			buildSettings = {
				ASSETCATALOG_COMPILER_APPICON_NAME = AppIcon;
				CODE_SIGN_IDENTITY = "iPhone Developer";
				"CODE_SIGN_IDENTITY[sdk=iphoneos*]" = "iPhone Developer";
				ENABLE_BITCODE = NO;
				FRAMEWORK_SEARCH_PATHS = (
					"$(inherited)",
					"$(PROJECT_DIR)/Carthage/Build/iOS",
				);
				INFOPLIST_FILE = Sample/Info.plist;
				LD_RUNPATH_SEARCH_PATHS = "$(inherited) @executable_path/Frameworks";
				PRODUCT_BUNDLE_IDENTIFIER = com.sambatech.Sample.XXX;
				PRODUCT_NAME = "$(TARGET_NAME)";
				PROVISIONING_PROFILE = "";
			};
			name = Release;
		};
/* End XCBuildConfiguration section */

/* Begin XCConfigurationList section */
		9A314D141CECBAE700672126 /* Build configuration list for PBXProject "Sample" */ = {
			isa = XCConfigurationList;
			buildConfigurations = (
				9A314D291CECBAE700672126 /* Debug */,
				9A314D2A1CECBAE700672126 /* Release */,
			);
			defaultConfigurationIsVisible = 0;
			defaultConfigurationName = Release;
		};
		9A314D2B1CECBAE700672126 /* Build configuration list for PBXNativeTarget "Sample" */ = {
			isa = XCConfigurationList;
			buildConfigurations = (
				9A314D2C1CECBAE700672126 /* Debug */,
				9A314D2D1CECBAE700672126 /* Release */,
			);
			defaultConfigurationIsVisible = 0;
			defaultConfigurationName = Release;
		};
/* End XCConfigurationList section */
	};
	rootObject = 9A314D111CECBAE700672126 /* Project object */;
}
