<?xml version="1.0" encoding="UTF-8"?>
<!DOCTYPE plist PUBLIC "-//Apple//DTD PLIST 1.0//EN" "http://www.apple.com/DTDs/PropertyList-1.0.dtd">
<plist version="1.0">
<dict>
	<key>archiveVersion</key>
	<string>1</string>
	<key>classes</key>
	<dict/>
	<key>objectVersion</key>
	<string>46</string>
	<key>objects</key>
	<dict>
		<key>1B2A691BA366FF7BF2FD26F1</key>
		<dict>
			<key>fileRef</key>
			<string>619076849F8D91F608C3A991</string>
			<key>isa</key>
			<string>PBXBuildFile</string>
		</dict>
		<key>474BC909A511677E94996B5F</key>
		<dict>
			<key>includeInIndex</key>
			<string>1</string>
			<key>isa</key>
			<string>PBXFileReference</string>
			<key>lastKnownFileType</key>
			<string>text.xcconfig</string>
			<key>name</key>
			<string>Pods-Sample.debug.xcconfig</string>
			<key>path</key>
			<string>Pods/Target Support Files/Pods-Sample/Pods-Sample.debug.xcconfig</string>
			<key>sourceTree</key>
			<string>&lt;group&gt;</string>
		</dict>
		<key>619076849F8D91F608C3A991</key>
		<dict>
			<key>explicitFileType</key>
			<string>archive.ar</string>
			<key>includeInIndex</key>
			<string>0</string>
			<key>isa</key>
			<string>PBXFileReference</string>
			<key>path</key>
			<string>libPods-Sample.a</string>
			<key>sourceTree</key>
			<string>BUILT_PRODUCTS_DIR</string>
		</dict>
		<key>7D67FC9DF9AAFC49B1427AB1</key>
		<dict>
			<key>children</key>
			<array>
				<string>474BC909A511677E94996B5F</string>
				<string>E9B69A227579946C026D7E73</string>
			</array>
			<key>isa</key>
			<string>PBXGroup</string>
			<key>name</key>
			<string>Pods</string>
			<key>sourceTree</key>
			<string>&lt;group&gt;</string>
		</dict>
		<key>8DAEDDA9ECCE5F9EBEC5E5CA</key>
		<dict>
			<key>buildActionMask</key>
			<string>2147483647</string>
			<key>files</key>
			<array/>
			<key>inputPaths</key>
			<array/>
			<key>isa</key>
			<string>PBXShellScriptBuildPhase</string>
			<key>name</key>
			<string>&#128230; Check Pods Manifest.lock</string>
			<key>outputPaths</key>
			<array/>
			<key>runOnlyForDeploymentPostprocessing</key>
			<string>0</string>
			<key>shellPath</key>
			<string>/bin/sh</string>
			<key>shellScript</key>
			<string>diff "${PODS_ROOT}/../Podfile.lock" "${PODS_ROOT}/Manifest.lock" &gt; /dev/null
if [[ $? != 0 ]] ; then
    cat &lt;&lt; EOM
error: The sandbox is not in sync with the Podfile.lock. Run 'pod install' or update your CocoaPods installation.
EOM
    exit 1
fi
</string>
			<key>showEnvVarsInLog</key>
			<string>0</string>
		</dict>
		<key>9A1BFBD41CEE4F1A0003597B</key>
		<dict>
			<key>isa</key>
			<string>PBXFileReference</string>
			<key>lastKnownFileType</key>
			<string>wrapper.framework</string>
			<key>name</key>
			<string>Alamofire.framework</string>
			<key>path</key>
			<string>Carthage/Build/iOS/Alamofire.framework</string>
			<key>sourceTree</key>
			<string>&lt;group&gt;</string>
		</dict>
		<key>9A1BFBD51CEE4F1A0003597B</key>
		<dict>
			<key>fileRef</key>
			<string>9A1BFBD41CEE4F1A0003597B</string>
			<key>isa</key>
			<string>PBXBuildFile</string>
		</dict>
		<key>9A1BFBD61CEE4FF10003597B</key>
		<dict>
			<key>buildActionMask</key>
			<string>2147483647</string>
			<key>files</key>
			<array/>
			<key>inputPaths</key>
			<array>
				<string>$(SRCROOT)/Carthage/Build/iOS/Alamofire.framework</string>
			</array>
			<key>isa</key>
			<string>PBXShellScriptBuildPhase</string>
			<key>name</key>
			<string>Run Script</string>
			<key>outputPaths</key>
			<array/>
			<key>runOnlyForDeploymentPostprocessing</key>
			<string>0</string>
			<key>shellPath</key>
			<string>/bin/sh</string>
			<key>shellScript</key>
			<string>/usr/local/bin/carthage copy-frameworks</string>
		</dict>
		<key>9A21B3661CED05AD00AC957A</key>
		<dict>
			<key>isa</key>
			<string>PBXFileReference</string>
			<key>lastKnownFileType</key>
			<string>sourcecode.c.h</string>
			<key>path</key>
			<string>Sample-Bridging-Header.h</string>
			<key>sourceTree</key>
			<string>&lt;group&gt;</string>
		</dict>
		<key>9A314D101CECBAE700672126</key>
		<dict>
			<key>children</key>
			<array>
				<string>9A314D1B1CECBAE700672126</string>
				<string>9A314D1A1CECBAE700672126</string>
				<string>7D67FC9DF9AAFC49B1427AB1</string>
				<string>A7B045F2FDE205C9E2C927E2</string>
			</array>
			<key>isa</key>
			<string>PBXGroup</string>
			<key>sourceTree</key>
			<string>&lt;group&gt;</string>
		</dict>
		<key>9A314D111CECBAE700672126</key>
		<dict>
			<key>attributes</key>
			<dict>
				<key>LastSwiftUpdateCheck</key>
				<string>0720</string>
				<key>LastUpgradeCheck</key>
				<string>0720</string>
				<key>ORGANIZATIONNAME</key>
				<string>Samba Tech</string>
				<key>TargetAttributes</key>
				<dict>
					<key>9A314D181CECBAE700672126</key>
					<dict>
						<key>CreatedOnToolsVersion</key>
						<string>7.2.1</string>
						<key>DevelopmentTeam</key>
						<string>A68AA84976</string>
					</dict>
				</dict>
			</dict>
			<key>buildConfigurationList</key>
			<string>9A314D141CECBAE700672126</string>
			<key>compatibilityVersion</key>
			<string>Xcode 3.2</string>
			<key>developmentRegion</key>
			<string>English</string>
			<key>hasScannedForEncodings</key>
			<string>0</string>
			<key>isa</key>
			<string>PBXProject</string>
			<key>knownRegions</key>
			<array>
				<string>en</string>
				<string>Base</string>
			</array>
			<key>mainGroup</key>
			<string>9A314D101CECBAE700672126</string>
			<key>productRefGroup</key>
			<string>9A314D1A1CECBAE700672126</string>
			<key>projectDirPath</key>
			<string></string>
			<key>projectReferences</key>
			<array/>
			<key>projectRoot</key>
			<string></string>
			<key>targets</key>
			<array>
				<string>9A314D181CECBAE700672126</string>
			</array>
		</dict>
		<key>9A314D141CECBAE700672126</key>
		<dict>
			<key>buildConfigurations</key>
			<array>
				<string>9A314D291CECBAE700672126</string>
				<string>9A314D2A1CECBAE700672126</string>
			</array>
			<key>defaultConfigurationIsVisible</key>
			<string>0</string>
			<key>defaultConfigurationName</key>
			<string>Release</string>
			<key>isa</key>
			<string>XCConfigurationList</string>
		</dict>
		<key>9A314D151CECBAE700672126</key>
		<dict>
			<key>buildActionMask</key>
			<string>2147483647</string>
			<key>files</key>
			<array>
				<string>9A4BE7601CEE57DC00400E66</string>
				<string>9A4BE7641CEE57FA00400E66</string>
				<string>9A97C3FA1CEF45F400F33E7F</string>
				<string>9A97C3FE1CEF9C7300F33E7F</string>
				<string>9A314D1F1CECBAE700672126</string>
				<string>9A4BE75B1CEE576200400E66</string>
				<string>9A97C3FF1CEF9C7300F33E7F</string>
				<string>9A314D1D1CECBAE700672126</string>
				<string>9A4BE7621CEE57F600400E66</string>
			</array>
			<key>isa</key>
			<string>PBXSourcesBuildPhase</string>
			<key>runOnlyForDeploymentPostprocessing</key>
			<string>0</string>
		</dict>
		<key>9A314D161CECBAE700672126</key>
		<dict>
			<key>buildActionMask</key>
			<string>2147483647</string>
			<key>files</key>
			<array>
				<string>1B2A691BA366FF7BF2FD26F1</string>
				<string>9A1BFBD51CEE4F1A0003597B</string>
			</array>
			<key>isa</key>
			<string>PBXFrameworksBuildPhase</string>
			<key>runOnlyForDeploymentPostprocessing</key>
			<string>0</string>
		</dict>
		<key>9A314D171CECBAE700672126</key>
		<dict>
			<key>buildActionMask</key>
			<string>2147483647</string>
			<key>files</key>
			<array>
				<string>9A314D271CECBAE700672126</string>
				<string>9A97C4001CEF9C7300F33E7F</string>
				<string>9A314D241CECBAE700672126</string>
				<string>9A314D221CECBAE700672126</string>
			</array>
			<key>isa</key>
			<string>PBXResourcesBuildPhase</string>
			<key>runOnlyForDeploymentPostprocessing</key>
			<string>0</string>
		</dict>
		<key>9A314D181CECBAE700672126</key>
		<dict>
			<key>buildConfigurationList</key>
			<string>9A314D2B1CECBAE700672126</string>
			<key>buildPhases</key>
			<array>
				<string>8DAEDDA9ECCE5F9EBEC5E5CA</string>
				<string>9A314D151CECBAE700672126</string>
				<string>9A314D161CECBAE700672126</string>
				<string>9A314D171CECBAE700672126</string>
				<string>A3D2015DC98CE70EB64D5491</string>
				<string>CE43ADE4ED71ADDB6830EE5E</string>
				<string>9A1BFBD61CEE4FF10003597B</string>
				<string>D02D3CCB05372D4C9585BADF</string>
			</array>
			<key>buildRules</key>
			<array/>
			<key>dependencies</key>
			<array/>
			<key>isa</key>
			<string>PBXNativeTarget</string>
			<key>name</key>
			<string>Sample</string>
			<key>productName</key>
			<string>Sample</string>
			<key>productReference</key>
			<string>9A314D191CECBAE700672126</string>
			<key>productType</key>
			<string>com.apple.product-type.application</string>
		</dict>
		<key>9A314D191CECBAE700672126</key>
		<dict>
			<key>explicitFileType</key>
			<string>wrapper.application</string>
			<key>includeInIndex</key>
			<string>0</string>
			<key>isa</key>
			<string>PBXFileReference</string>
			<key>path</key>
			<string>Sample.app</string>
			<key>sourceTree</key>
			<string>BUILT_PRODUCTS_DIR</string>
		</dict>
		<key>9A314D1A1CECBAE700672126</key>
		<dict>
			<key>children</key>
			<array>
				<string>9A314D191CECBAE700672126</string>
			</array>
			<key>isa</key>
			<string>PBXGroup</string>
			<key>name</key>
			<string>Products</string>
			<key>sourceTree</key>
			<string>&lt;group&gt;</string>
		</dict>
		<key>9A314D1B1CECBAE700672126</key>
		<dict>
			<key>children</key>
			<array>
				<string>9A314D1C1CECBAE700672126</string>
				<string>9A314D1E1CECBAE700672126</string>
				<string>9A314D201CECBAE700672126</string>
				<string>9A4BE7661CEE584600400E66</string>
				<string>9A314D231CECBAE700672126</string>
				<string>9A314D251CECBAE700672126</string>
				<string>9A4BE7651CEE581400400E66</string>
				<string>9A314D281CECBAE700672126</string>
				<string>9A97C3FB1CEF9C7300F33E7F</string>
				<string>9A97C3FC1CEF9C7300F33E7F</string>
				<string>9A97C3FD1CEF9C7300F33E7F</string>
				<string>9A21B3661CED05AD00AC957A</string>
				<string>9A97C3F91CEF45F400F33E7F</string>
				<string>9A4BE75A1CEE576200400E66</string>
			</array>
			<key>isa</key>
			<string>PBXGroup</string>
			<key>path</key>
			<string>Sample</string>
			<key>sourceTree</key>
			<string>&lt;group&gt;</string>
		</dict>
		<key>9A314D1C1CECBAE700672126</key>
		<dict>
			<key>isa</key>
			<string>PBXFileReference</string>
			<key>lastKnownFileType</key>
			<string>sourcecode.swift</string>
			<key>path</key>
			<string>AppDelegate.swift</string>
			<key>sourceTree</key>
			<string>&lt;group&gt;</string>
		</dict>
		<key>9A314D1D1CECBAE700672126</key>
		<dict>
			<key>fileRef</key>
			<string>9A314D1C1CECBAE700672126</string>
			<key>isa</key>
			<string>PBXBuildFile</string>
		</dict>
		<key>9A314D1E1CECBAE700672126</key>
		<dict>
			<key>isa</key>
			<string>PBXFileReference</string>
			<key>lastKnownFileType</key>
			<string>sourcecode.swift</string>
			<key>path</key>
			<string>ViewController.swift</string>
			<key>sourceTree</key>
			<string>&lt;group&gt;</string>
		</dict>
		<key>9A314D1F1CECBAE700672126</key>
		<dict>
			<key>fileRef</key>
			<string>9A314D1E1CECBAE700672126</string>
			<key>isa</key>
			<string>PBXBuildFile</string>
		</dict>
		<key>9A314D201CECBAE700672126</key>
		<dict>
			<key>children</key>
			<array>
				<string>9A314D211CECBAE700672126</string>
			</array>
			<key>isa</key>
			<string>PBXVariantGroup</string>
			<key>name</key>
			<string>Main.storyboard</string>
			<key>sourceTree</key>
			<string>&lt;group&gt;</string>
		</dict>
		<key>9A314D211CECBAE700672126</key>
		<dict>
			<key>isa</key>
			<string>PBXFileReference</string>
			<key>lastKnownFileType</key>
			<string>file.storyboard</string>
			<key>name</key>
			<string>Base</string>
			<key>path</key>
			<string>Base.lproj/Main.storyboard</string>
			<key>sourceTree</key>
			<string>&lt;group&gt;</string>
		</dict>
		<key>9A314D221CECBAE700672126</key>
		<dict>
			<key>fileRef</key>
			<string>9A314D201CECBAE700672126</string>
			<key>isa</key>
			<string>PBXBuildFile</string>
		</dict>
		<key>9A314D231CECBAE700672126</key>
		<dict>
			<key>isa</key>
			<string>PBXFileReference</string>
			<key>lastKnownFileType</key>
			<string>folder.assetcatalog</string>
			<key>path</key>
			<string>Assets.xcassets</string>
			<key>sourceTree</key>
			<string>&lt;group&gt;</string>
		</dict>
		<key>9A314D241CECBAE700672126</key>
		<dict>
			<key>fileRef</key>
			<string>9A314D231CECBAE700672126</string>
			<key>isa</key>
			<string>PBXBuildFile</string>
		</dict>
		<key>9A314D251CECBAE700672126</key>
		<dict>
			<key>children</key>
			<array>
				<string>9A314D261CECBAE700672126</string>
			</array>
			<key>isa</key>
			<string>PBXVariantGroup</string>
			<key>name</key>
			<string>LaunchScreen.storyboard</string>
			<key>sourceTree</key>
			<string>&lt;group&gt;</string>
		</dict>
		<key>9A314D261CECBAE700672126</key>
		<dict>
			<key>isa</key>
			<string>PBXFileReference</string>
			<key>lastKnownFileType</key>
			<string>file.storyboard</string>
			<key>name</key>
			<string>Base</string>
			<key>path</key>
			<string>Base.lproj/LaunchScreen.storyboard</string>
			<key>sourceTree</key>
			<string>&lt;group&gt;</string>
		</dict>
		<key>9A314D271CECBAE700672126</key>
		<dict>
			<key>fileRef</key>
			<string>9A314D251CECBAE700672126</string>
			<key>isa</key>
			<string>PBXBuildFile</string>
		</dict>
		<key>9A314D281CECBAE700672126</key>
		<dict>
			<key>isa</key>
			<string>PBXFileReference</string>
			<key>lastKnownFileType</key>
			<string>text.plist.xml</string>
			<key>path</key>
			<string>Info.plist</string>
			<key>sourceTree</key>
			<string>&lt;group&gt;</string>
		</dict>
		<key>9A314D291CECBAE700672126</key>
		<dict>
			<key>buildSettings</key>
			<dict>
				<key>ALWAYS_SEARCH_USER_PATHS</key>
				<string>NO</string>
				<key>CLANG_CXX_LANGUAGE_STANDARD</key>
				<string>gnu++0x</string>
				<key>CLANG_CXX_LIBRARY</key>
				<string>libc++</string>
				<key>CLANG_ENABLE_MODULES</key>
				<string>YES</string>
				<key>CLANG_ENABLE_OBJC_ARC</key>
				<string>YES</string>
				<key>CLANG_WARN_BOOL_CONVERSION</key>
				<string>YES</string>
				<key>CLANG_WARN_CONSTANT_CONVERSION</key>
				<string>YES</string>
				<key>CLANG_WARN_DIRECT_OBJC_ISA_USAGE</key>
				<string>YES_ERROR</string>
				<key>CLANG_WARN_EMPTY_BODY</key>
				<string>YES</string>
				<key>CLANG_WARN_ENUM_CONVERSION</key>
				<string>YES</string>
				<key>CLANG_WARN_INT_CONVERSION</key>
				<string>YES</string>
				<key>CLANG_WARN_OBJC_ROOT_CLASS</key>
				<string>YES_ERROR</string>
				<key>CLANG_WARN_UNREACHABLE_CODE</key>
				<string>YES</string>
				<key>CLANG_WARN__DUPLICATE_METHOD_MATCH</key>
				<string>YES</string>
				<key>CODE_SIGN_IDENTITY[sdk=iphoneos*]</key>
				<string>iPhone Developer</string>
				<key>COPY_PHASE_STRIP</key>
				<string>NO</string>
				<key>DEBUG_INFORMATION_FORMAT</key>
				<string>dwarf</string>
				<key>ENABLE_STRICT_OBJC_MSGSEND</key>
				<string>YES</string>
				<key>ENABLE_TESTABILITY</key>
				<string>YES</string>
				<key>GCC_C_LANGUAGE_STANDARD</key>
				<string>gnu99</string>
				<key>GCC_DYNAMIC_NO_PIC</key>
				<string>NO</string>
				<key>GCC_NO_COMMON_BLOCKS</key>
				<string>YES</string>
				<key>GCC_OPTIMIZATION_LEVEL</key>
				<string>0</string>
				<key>GCC_PREPROCESSOR_DEFINITIONS</key>
				<array>
					<string>DEBUG=1</string>
					<string>$(inherited)</string>
				</array>
				<key>GCC_WARN_64_TO_32_BIT_CONVERSION</key>
				<string>YES</string>
				<key>GCC_WARN_ABOUT_RETURN_TYPE</key>
				<string>YES_ERROR</string>
				<key>GCC_WARN_UNDECLARED_SELECTOR</key>
				<string>YES</string>
				<key>GCC_WARN_UNINITIALIZED_AUTOS</key>
				<string>YES_AGGRESSIVE</string>
				<key>GCC_WARN_UNUSED_FUNCTION</key>
				<string>YES</string>
				<key>GCC_WARN_UNUSED_VARIABLE</key>
				<string>YES</string>
				<key>IPHONEOS_DEPLOYMENT_TARGET</key>
				<string>9.2</string>
				<key>MTL_ENABLE_DEBUG_INFO</key>
				<string>YES</string>
				<key>ONLY_ACTIVE_ARCH</key>
				<string>YES</string>
				<key>SDKROOT</key>
				<string>iphoneos</string>
				<key>SWIFT_OBJC_BRIDGING_HEADER</key>
				<string>Sample/Sample-Bridging-Header.h</string>
				<key>SWIFT_OPTIMIZATION_LEVEL</key>
				<string>-Onone</string>
				<key>TARGETED_DEVICE_FAMILY</key>
				<string>1,2</string>
			</dict>
			<key>isa</key>
			<string>XCBuildConfiguration</string>
			<key>name</key>
			<string>Debug</string>
		</dict>
		<key>9A314D2A1CECBAE700672126</key>
		<dict>
			<key>buildSettings</key>
			<dict>
				<key>ALWAYS_SEARCH_USER_PATHS</key>
				<string>NO</string>
				<key>CLANG_CXX_LANGUAGE_STANDARD</key>
				<string>gnu++0x</string>
				<key>CLANG_CXX_LIBRARY</key>
				<string>libc++</string>
				<key>CLANG_ENABLE_MODULES</key>
				<string>YES</string>
				<key>CLANG_ENABLE_OBJC_ARC</key>
				<string>YES</string>
				<key>CLANG_WARN_BOOL_CONVERSION</key>
				<string>YES</string>
				<key>CLANG_WARN_CONSTANT_CONVERSION</key>
				<string>YES</string>
				<key>CLANG_WARN_DIRECT_OBJC_ISA_USAGE</key>
				<string>YES_ERROR</string>
				<key>CLANG_WARN_EMPTY_BODY</key>
				<string>YES</string>
				<key>CLANG_WARN_ENUM_CONVERSION</key>
				<string>YES</string>
				<key>CLANG_WARN_INT_CONVERSION</key>
				<string>YES</string>
				<key>CLANG_WARN_OBJC_ROOT_CLASS</key>
				<string>YES_ERROR</string>
				<key>CLANG_WARN_UNREACHABLE_CODE</key>
				<string>YES</string>
				<key>CLANG_WARN__DUPLICATE_METHOD_MATCH</key>
				<string>YES</string>
				<key>CODE_SIGN_IDENTITY[sdk=iphoneos*]</key>
				<string>iPhone Developer</string>
				<key>COPY_PHASE_STRIP</key>
				<string>NO</string>
				<key>DEBUG_INFORMATION_FORMAT</key>
				<string>dwarf-with-dsym</string>
				<key>ENABLE_NS_ASSERTIONS</key>
				<string>NO</string>
				<key>ENABLE_STRICT_OBJC_MSGSEND</key>
				<string>YES</string>
				<key>GCC_C_LANGUAGE_STANDARD</key>
				<string>gnu99</string>
				<key>GCC_NO_COMMON_BLOCKS</key>
				<string>YES</string>
				<key>GCC_WARN_64_TO_32_BIT_CONVERSION</key>
				<string>YES</string>
				<key>GCC_WARN_ABOUT_RETURN_TYPE</key>
				<string>YES_ERROR</string>
				<key>GCC_WARN_UNDECLARED_SELECTOR</key>
				<string>YES</string>
				<key>GCC_WARN_UNINITIALIZED_AUTOS</key>
				<string>YES_AGGRESSIVE</string>
				<key>GCC_WARN_UNUSED_FUNCTION</key>
				<string>YES</string>
				<key>GCC_WARN_UNUSED_VARIABLE</key>
				<string>YES</string>
				<key>IPHONEOS_DEPLOYMENT_TARGET</key>
				<string>9.2</string>
				<key>MTL_ENABLE_DEBUG_INFO</key>
				<string>NO</string>
				<key>SDKROOT</key>
				<string>iphoneos</string>
				<key>SWIFT_OBJC_BRIDGING_HEADER</key>
				<string>Sample/Sample-Bridging-Header.h</string>
				<key>TARGETED_DEVICE_FAMILY</key>
				<string>1,2</string>
				<key>VALIDATE_PRODUCT</key>
				<string>YES</string>
			</dict>
			<key>isa</key>
			<string>XCBuildConfiguration</string>
			<key>name</key>
			<string>Release</string>
		</dict>
		<key>9A314D2B1CECBAE700672126</key>
		<dict>
			<key>buildConfigurations</key>
			<array>
				<string>9A314D2C1CECBAE700672126</string>
				<string>9A314D2D1CECBAE700672126</string>
			</array>
			<key>defaultConfigurationIsVisible</key>
			<string>0</string>
			<key>defaultConfigurationName</key>
			<string>Release</string>
			<key>isa</key>
			<string>XCConfigurationList</string>
		</dict>
		<key>9A314D2C1CECBAE700672126</key>
		<dict>
			<key>baseConfigurationReference</key>
			<string>474BC909A511677E94996B5F</string>
			<key>buildSettings</key>
			<dict>
				<key>ASSETCATALOG_COMPILER_APPICON_NAME</key>
				<string>AppIcon</string>
				<key>CODE_SIGN_IDENTITY</key>
				<string>iPhone Developer</string>
				<key>CODE_SIGN_IDENTITY[sdk=iphoneos*]</key>
				<string>iPhone Developer</string>
				<key>FRAMEWORK_SEARCH_PATHS</key>
				<array>
					<string>$(inherited)</string>
					<string>$(PROJECT_DIR)/Carthage/Build/iOS</string>
				</array>
				<key>INFOPLIST_FILE</key>
				<string>Sample/Info.plist</string>
				<key>LD_RUNPATH_SEARCH_PATHS</key>
				<string>$(inherited) @executable_path/Frameworks</string>
				<key>PRODUCT_BUNDLE_IDENTIFIER</key>
				<string>com.sambatech.Sample</string>
				<key>PRODUCT_NAME</key>
				<string>$(TARGET_NAME)</string>
				<key>PROVISIONING_PROFILE</key>
				<string></string>
			</dict>
			<key>isa</key>
			<string>XCBuildConfiguration</string>
			<key>name</key>
			<string>Debug</string>
		</dict>
		<key>9A314D2D1CECBAE700672126</key>
		<dict>
			<key>baseConfigurationReference</key>
			<string>E9B69A227579946C026D7E73</string>
			<key>buildSettings</key>
			<dict>
				<key>ASSETCATALOG_COMPILER_APPICON_NAME</key>
				<string>AppIcon</string>
				<key>CODE_SIGN_IDENTITY</key>
				<string>iPhone Developer</string>
				<key>CODE_SIGN_IDENTITY[sdk=iphoneos*]</key>
				<string>iPhone Developer</string>
				<key>FRAMEWORK_SEARCH_PATHS</key>
				<array>
					<string>$(inherited)</string>
					<string>$(PROJECT_DIR)/Carthage/Build/iOS</string>
				</array>
				<key>INFOPLIST_FILE</key>
				<string>Sample/Info.plist</string>
				<key>LD_RUNPATH_SEARCH_PATHS</key>
				<string>$(inherited) @executable_path/Frameworks</string>
				<key>PRODUCT_BUNDLE_IDENTIFIER</key>
				<string>com.sambatech.Sample</string>
				<key>PRODUCT_NAME</key>
				<string>$(TARGET_NAME)</string>
				<key>PROVISIONING_PROFILE</key>
				<string></string>
			</dict>
			<key>isa</key>
			<string>XCBuildConfiguration</string>
			<key>name</key>
			<string>Release</string>
		</dict>
		<key>9A4BE75A1CEE576200400E66</key>
		<dict>
			<key>fileEncoding</key>
			<string>4</string>
			<key>isa</key>
			<string>PBXFileReference</string>
			<key>lastKnownFileType</key>
			<string>sourcecode.swift</string>
			<key>path</key>
			<string>SambaApi.swift</string>
			<key>sourceTree</key>
			<string>&lt;group&gt;</string>
		</dict>
		<key>9A4BE75B1CEE576200400E66</key>
		<dict>
			<key>fileRef</key>
			<string>9A4BE75A1CEE576200400E66</string>
			<key>isa</key>
			<string>PBXBuildFile</string>
		</dict>
		<key>9A4BE75F1CEE57DC00400E66</key>
		<dict>
			<key>fileEncoding</key>
			<string>4</string>
			<key>isa</key>
			<string>PBXFileReference</string>
			<key>lastKnownFileType</key>
			<string>sourcecode.swift</string>
			<key>path</key>
			<string>Commons.swift</string>
			<key>sourceTree</key>
			<string>&lt;group&gt;</string>
		</dict>
		<key>9A4BE7601CEE57DC00400E66</key>
		<dict>
			<key>fileRef</key>
			<string>9A4BE75F1CEE57DC00400E66</string>
			<key>isa</key>
			<string>PBXBuildFile</string>
		</dict>
		<key>9A4BE7611CEE57F600400E66</key>
		<dict>
			<key>fileEncoding</key>
			<string>4</string>
			<key>isa</key>
			<string>PBXFileReference</string>
			<key>lastKnownFileType</key>
			<string>sourcecode.swift</string>
			<key>path</key>
			<string>SambaMedia.swift</string>
			<key>sourceTree</key>
			<string>&lt;group&gt;</string>
		</dict>
		<key>9A4BE7621CEE57F600400E66</key>
		<dict>
			<key>fileRef</key>
			<string>9A4BE7611CEE57F600400E66</string>
			<key>isa</key>
			<string>PBXBuildFile</string>
		</dict>
		<key>9A4BE7631CEE57FA00400E66</key>
		<dict>
			<key>fileEncoding</key>
			<string>4</string>
			<key>isa</key>
			<string>PBXFileReference</string>
			<key>lastKnownFileType</key>
			<string>sourcecode.swift</string>
			<key>path</key>
			<string>SambaMediaRequest.swift</string>
			<key>sourceTree</key>
			<string>&lt;group&gt;</string>
		</dict>
		<key>9A4BE7641CEE57FA00400E66</key>
		<dict>
			<key>fileRef</key>
			<string>9A4BE7631CEE57FA00400E66</string>
			<key>isa</key>
			<string>PBXBuildFile</string>
		</dict>
		<key>9A4BE7651CEE581400400E66</key>
		<dict>
			<key>children</key>
			<array>
				<string>9A4BE7611CEE57F600400E66</string>
				<string>9A4BE7631CEE57FA00400E66</string>
			</array>
			<key>isa</key>
			<string>PBXGroup</string>
			<key>name</key>
			<string>Models</string>
			<key>sourceTree</key>
			<string>&lt;group&gt;</string>
		</dict>
		<key>9A4BE7661CEE584600400E66</key>
		<dict>
			<key>children</key>
			<array>
				<string>9A4BE75F1CEE57DC00400E66</string>
			</array>
			<key>isa</key>
			<string>PBXGroup</string>
			<key>name</key>
			<string>Utils</string>
			<key>sourceTree</key>
			<string>&lt;group&gt;</string>
		</dict>
		<key>9A97C3F91CEF45F400F33E7F</key>
		<dict>
			<key>fileEncoding</key>
			<string>4</string>
			<key>isa</key>
			<string>PBXFileReference</string>
			<key>lastKnownFileType</key>
			<string>sourcecode.swift</string>
			<key>path</key>
			<string>SambaPlayer.swift</string>
			<key>sourceTree</key>
			<string>&lt;group&gt;</string>
		</dict>
		<key>9A97C3FA1CEF45F400F33E7F</key>
		<dict>
			<key>fileRef</key>
			<string>9A97C3F91CEF45F400F33E7F</string>
			<key>isa</key>
			<string>PBXBuildFile</string>
		</dict>
		<key>9A97C3FB1CEF9C7300F33E7F</key>
		<dict>
			<key>fileEncoding</key>
			<string>4</string>
			<key>isa</key>
			<string>PBXFileReference</string>
			<key>lastKnownFileType</key>
			<string>sourcecode.swift</string>
			<key>path</key>
			<string>MediaListViewController.swift</string>
			<key>sourceTree</key>
			<string>&lt;group&gt;</string>
		</dict>
		<key>9A97C3FC1CEF9C7300F33E7F</key>
		<dict>
			<key>fileEncoding</key>
			<string>4</string>
			<key>isa</key>
			<string>PBXFileReference</string>
			<key>lastKnownFileType</key>
			<string>sourcecode.swift</string>
			<key>path</key>
			<string>MediaListTableViewCell.swift</string>
			<key>sourceTree</key>
			<string>&lt;group&gt;</string>
		</dict>
		<key>9A97C3FD1CEF9C7300F33E7F</key>
		<dict>
			<key>fileEncoding</key>
			<string>4</string>
			<key>isa</key>
			<string>PBXFileReference</string>
			<key>lastKnownFileType</key>
			<string>text.plist.xml</string>
			<key>path</key>
			<string>Settings.plist</string>
			<key>sourceTree</key>
			<string>&lt;group&gt;</string>
		</dict>
		<key>9A97C3FE1CEF9C7300F33E7F</key>
		<dict>
			<key>fileRef</key>
			<string>9A97C3FB1CEF9C7300F33E7F</string>
			<key>isa</key>
			<string>PBXBuildFile</string>
		</dict>
		<key>9A97C3FF1CEF9C7300F33E7F</key>
		<dict>
			<key>fileRef</key>
			<string>9A97C3FC1CEF9C7300F33E7F</string>
			<key>isa</key>
			<string>PBXBuildFile</string>
		</dict>
		<key>9A97C4001CEF9C7300F33E7F</key>
		<dict>
			<key>fileRef</key>
			<string>9A97C3FD1CEF9C7300F33E7F</string>
			<key>isa</key>
			<string>PBXBuildFile</string>
		</dict>
		<key>A3D2015DC98CE70EB64D5491</key>
		<dict>
			<key>buildActionMask</key>
			<string>2147483647</string>
			<key>files</key>
			<array/>
			<key>inputPaths</key>
			<array/>
			<key>isa</key>
			<string>PBXShellScriptBuildPhase</string>
			<key>name</key>
			<string>&#128230; Embed Pods Frameworks</string>
			<key>outputPaths</key>
			<array/>
			<key>runOnlyForDeploymentPostprocessing</key>
			<string>0</string>
			<key>shellPath</key>
			<string>/bin/sh</string>
			<key>shellScript</key>
			<string>"${SRCROOT}/Pods/Target Support Files/Pods-Sample/Pods-Sample-frameworks.sh"
</string>
			<key>showEnvVarsInLog</key>
			<string>0</string>
		</dict>
		<key>A7B045F2FDE205C9E2C927E2</key>
		<dict>
			<key>children</key>
			<array>
				<string>9A1BFBD41CEE4F1A0003597B</string>
				<string>619076849F8D91F608C3A991</string>
			</array>
			<key>isa</key>
			<string>PBXGroup</string>
			<key>name</key>
			<string>Frameworks</string>
			<key>sourceTree</key>
			<string>&lt;group&gt;</string>
		</dict>
		<key>CE43ADE4ED71ADDB6830EE5E</key>
		<dict>
			<key>buildActionMask</key>
			<string>2147483647</string>
			<key>files</key>
			<array/>
			<key>inputPaths</key>
			<array/>
			<key>isa</key>
			<string>PBXShellScriptBuildPhase</string>
			<key>name</key>
			<string>&#128230; Copy Pods Resources</string>
			<key>outputPaths</key>
			<array/>
			<key>runOnlyForDeploymentPostprocessing</key>
			<string>0</string>
			<key>shellPath</key>
			<string>/bin/sh</string>
			<key>shellScript</key>
			<string>"${SRCROOT}/Pods/Target Support Files/Pods-Sample/Pods-Sample-resources.sh"
</string>
			<key>showEnvVarsInLog</key>
			<string>0</string>
		</dict>
		<key>D02D3CCB05372D4C9585BADF</key>
		<dict>
			<key>buildActionMask</key>
			<string>2147483647</string>
			<key>files</key>
			<array/>
			<key>inputPaths</key>
			<array/>
			<key>isa</key>
			<string>PBXShellScriptBuildPhase</string>
			<key>name</key>
			<string>Embed Pods Frameworks</string>
			<key>outputPaths</key>
			<array/>
			<key>runOnlyForDeploymentPostprocessing</key>
			<string>0</string>
			<key>shellPath</key>
			<string>/bin/sh</string>
			<key>shellScript</key>
			<string>"${SRCROOT}/Pods/Target Support Files/Pods-Sample/Pods-Sample-frameworks.sh"
</string>
			<key>showEnvVarsInLog</key>
			<string>0</string>
		</dict>
		<key>E9B69A227579946C026D7E73</key>
		<dict>
			<key>includeInIndex</key>
			<string>1</string>
			<key>isa</key>
			<string>PBXFileReference</string>
			<key>lastKnownFileType</key>
			<string>text.xcconfig</string>
			<key>name</key>
			<string>Pods-Sample.release.xcconfig</string>
			<key>path</key>
			<string>Pods/Target Support Files/Pods-Sample/Pods-Sample.release.xcconfig</string>
			<key>sourceTree</key>
			<string>&lt;group&gt;</string>
		</dict>
	</dict>
	<key>rootObject</key>
	<string>9A314D111CECBAE700672126</string>
</dict>
</plist>
