// !$*UTF8*$!
{
	archiveVersion = 1;
	classes = {
	};
	objectVersion = 46;
	objects = {

/* Begin PBXBuildFile section */
		9A0921AE1D36D14700171F89 /* SambaPlayer.framework in Embed Frameworks */ = {isa = PBXBuildFile; fileRef = 9AF3263D1D14B87E00B6E450 /* SambaPlayer.framework */; settings = {ATTRIBUTES = (CodeSignOnCopy, RemoveHeadersOnCopy, ); }; };
		9A1ADBB61D4A3D09008A5BEE /* GoogleMediaFramework.strings in Resources */ = {isa = PBXBuildFile; fileRef = 9A1ADB901D4A3D09008A5BEE /* GoogleMediaFramework.strings */; };
		9A1ADBB71D4A3D09008A5BEE /* player_control_close@2x.png in Resources */ = {isa = PBXBuildFile; fileRef = 9A1ADB921D4A3D09008A5BEE /* player_control_close@2x.png */; };
		9A1ADBB81D4A3D09008A5BEE /* player_control_hd@1x.png in Resources */ = {isa = PBXBuildFile; fileRef = 9A1ADB931D4A3D09008A5BEE /* player_control_hd@1x.png */; };
		9A1ADBB91D4A3D09008A5BEE /* player_control_hd@2x.png in Resources */ = {isa = PBXBuildFile; fileRef = 9A1ADB941D4A3D09008A5BEE /* player_control_hd@2x.png */; };
		9A1ADBBA1D4A3D09008A5BEE /* player_control_hd@3x.png in Resources */ = {isa = PBXBuildFile; fileRef = 9A1ADB951D4A3D09008A5BEE /* player_control_hd@3x.png */; };
		9A1ADBBB1D4A3D09008A5BEE /* player_control_ic_live@1x.png in Resources */ = {isa = PBXBuildFile; fileRef = 9A1ADB961D4A3D09008A5BEE /* player_control_ic_live@1x.png */; };
		9A1ADBBC1D4A3D09008A5BEE /* player_control_ic_live@2x.png in Resources */ = {isa = PBXBuildFile; fileRef = 9A1ADB971D4A3D09008A5BEE /* player_control_ic_live@2x.png */; };
		9A1ADBBD1D4A3D09008A5BEE /* player_control_ic_live@3x.png in Resources */ = {isa = PBXBuildFile; fileRef = 9A1ADB981D4A3D09008A5BEE /* player_control_ic_live@3x.png */; };
		9A1ADBBE1D4A3D09008A5BEE /* player_control_maximize@1x.png in Resources */ = {isa = PBXBuildFile; fileRef = 9A1ADB991D4A3D09008A5BEE /* player_control_maximize@1x.png */; };
		9A1ADBBF1D4A3D09008A5BEE /* player_control_maximize@2x.png in Resources */ = {isa = PBXBuildFile; fileRef = 9A1ADB9A1D4A3D09008A5BEE /* player_control_maximize@2x.png */; };
		9A1ADBC01D4A3D09008A5BEE /* player_control_maximize@3x.png in Resources */ = {isa = PBXBuildFile; fileRef = 9A1ADB9B1D4A3D09008A5BEE /* player_control_maximize@3x.png */; };
		9A1ADBC11D4A3D09008A5BEE /* player_control_minimize@1x.png in Resources */ = {isa = PBXBuildFile; fileRef = 9A1ADB9C1D4A3D09008A5BEE /* player_control_minimize@1x.png */; };
		9A1ADBC21D4A3D09008A5BEE /* player_control_minimize@2x.png in Resources */ = {isa = PBXBuildFile; fileRef = 9A1ADB9D1D4A3D09008A5BEE /* player_control_minimize@2x.png */; };
		9A1ADBC31D4A3D09008A5BEE /* player_control_minimize@3x.png in Resources */ = {isa = PBXBuildFile; fileRef = 9A1ADB9E1D4A3D09008A5BEE /* player_control_minimize@3x.png */; };
		9A1ADBC41D4A3D09008A5BEE /* player_control_pause@1x.png in Resources */ = {isa = PBXBuildFile; fileRef = 9A1ADB9F1D4A3D09008A5BEE /* player_control_pause@1x.png */; };
		9A1ADBC51D4A3D09008A5BEE /* player_control_pause@2x.png in Resources */ = {isa = PBXBuildFile; fileRef = 9A1ADBA01D4A3D09008A5BEE /* player_control_pause@2x.png */; };
		9A1ADBC61D4A3D09008A5BEE /* player_control_pause@3x.png in Resources */ = {isa = PBXBuildFile; fileRef = 9A1ADBA11D4A3D09008A5BEE /* player_control_pause@3x.png */; };
		9A1ADBC71D4A3D09008A5BEE /* player_control_pause_large@1x.png in Resources */ = {isa = PBXBuildFile; fileRef = 9A1ADBA21D4A3D09008A5BEE /* player_control_pause_large@1x.png */; };
		9A1ADBC81D4A3D09008A5BEE /* player_control_pause_large@2x.png in Resources */ = {isa = PBXBuildFile; fileRef = 9A1ADBA31D4A3D09008A5BEE /* player_control_pause_large@2x.png */; };
		9A1ADBC91D4A3D09008A5BEE /* player_control_pause_large@3x.png in Resources */ = {isa = PBXBuildFile; fileRef = 9A1ADBA41D4A3D09008A5BEE /* player_control_pause_large@3x.png */; };
		9A1ADBCA1D4A3D09008A5BEE /* player_control_play@1x.png in Resources */ = {isa = PBXBuildFile; fileRef = 9A1ADBA51D4A3D09008A5BEE /* player_control_play@1x.png */; };
		9A1ADBCB1D4A3D09008A5BEE /* player_control_play@2x.png in Resources */ = {isa = PBXBuildFile; fileRef = 9A1ADBA61D4A3D09008A5BEE /* player_control_play@2x.png */; };
		9A1ADBCC1D4A3D09008A5BEE /* player_control_play@3x.png in Resources */ = {isa = PBXBuildFile; fileRef = 9A1ADBA71D4A3D09008A5BEE /* player_control_play@3x.png */; };
		9A1ADBCD1D4A3D09008A5BEE /* player_control_play_large@1x.png in Resources */ = {isa = PBXBuildFile; fileRef = 9A1ADBA81D4A3D09008A5BEE /* player_control_play_large@1x.png */; };
		9A1ADBCE1D4A3D09008A5BEE /* player_control_play_large@2x.png in Resources */ = {isa = PBXBuildFile; fileRef = 9A1ADBA91D4A3D09008A5BEE /* player_control_play_large@2x.png */; };
		9A1ADBCF1D4A3D09008A5BEE /* player_control_play_large@3x.png in Resources */ = {isa = PBXBuildFile; fileRef = 9A1ADBAA1D4A3D09008A5BEE /* player_control_play_large@3x.png */; };
		9A1ADBD01D4A3D09008A5BEE /* player_control_replay@1x.png in Resources */ = {isa = PBXBuildFile; fileRef = 9A1ADBAB1D4A3D09008A5BEE /* player_control_replay@1x.png */; };
		9A1ADBD11D4A3D09008A5BEE /* player_control_replay@2x.png in Resources */ = {isa = PBXBuildFile; fileRef = 9A1ADBAC1D4A3D09008A5BEE /* player_control_replay@2x.png */; };
		9A1ADBD21D4A3D09008A5BEE /* player_control_replay@3x.png in Resources */ = {isa = PBXBuildFile; fileRef = 9A1ADBAD1D4A3D09008A5BEE /* player_control_replay@3x.png */; };
		9A1ADBD31D4A3D09008A5BEE /* player_control_replay_large@1x.png in Resources */ = {isa = PBXBuildFile; fileRef = 9A1ADBAE1D4A3D09008A5BEE /* player_control_replay_large@1x.png */; };
		9A1ADBD41D4A3D09008A5BEE /* player_control_replay_large@2x.png in Resources */ = {isa = PBXBuildFile; fileRef = 9A1ADBAF1D4A3D09008A5BEE /* player_control_replay_large@2x.png */; };
		9A1ADBD51D4A3D09008A5BEE /* player_control_replay_large@3x.png in Resources */ = {isa = PBXBuildFile; fileRef = 9A1ADBB01D4A3D09008A5BEE /* player_control_replay_large@3x.png */; };
		9A1ADBD61D4A3D09008A5BEE /* player_controls_background@2x.png in Resources */ = {isa = PBXBuildFile; fileRef = 9A1ADBB11D4A3D09008A5BEE /* player_controls_background@2x.png */; };
		9A1ADBD71D4A3D09008A5BEE /* player_controls_title_bar_background@2x.png in Resources */ = {isa = PBXBuildFile; fileRef = 9A1ADBB21D4A3D09008A5BEE /* player_controls_title_bar_background@2x.png */; };
		9A1ADBD81D4A3D09008A5BEE /* player_scrubber_thumb@1x.png in Resources */ = {isa = PBXBuildFile; fileRef = 9A1ADBB31D4A3D09008A5BEE /* player_scrubber_thumb@1x.png */; };
		9A1ADBD91D4A3D09008A5BEE /* player_scrubber_thumb@2x.png in Resources */ = {isa = PBXBuildFile; fileRef = 9A1ADBB41D4A3D09008A5BEE /* player_scrubber_thumb@2x.png */; };
		9A1ADBDA1D4A3D09008A5BEE /* player_scrubber_thumb@3x.png in Resources */ = {isa = PBXBuildFile; fileRef = 9A1ADBB51D4A3D09008A5BEE /* player_scrubber_thumb@3x.png */; };
		9A5267FA1D22D5BD00C9C015 /* Helpers.swift in Sources */ = {isa = PBXBuildFile; fileRef = 9A5267EF1D22D5BD00C9C015 /* Helpers.swift */; };
		9A5267FD1D22D5BD00C9C015 /* OutputMenuViewController.swift in Sources */ = {isa = PBXBuildFile; fileRef = 9A5267F21D22D5BD00C9C015 /* OutputMenuViewController.swift */; };
		9A5267FE1D22D5BD00C9C015 /* SambaApi.swift in Sources */ = {isa = PBXBuildFile; fileRef = 9A5267F31D22D5BD00C9C015 /* SambaApi.swift */; };
		9A5268001D22D5BD00C9C015 /* SambaMediaRequest.swift in Sources */ = {isa = PBXBuildFile; fileRef = 9A5267F51D22D5BD00C9C015 /* SambaMediaRequest.swift */; };
		9A5268011D22D5BD00C9C015 /* SambaPlayer.h in Headers */ = {isa = PBXBuildFile; fileRef = 9A5267F61D22D5BD00C9C015 /* SambaPlayer.h */; settings = {ATTRIBUTES = (Public, ); }; };
		9A5268021D22D5BD00C9C015 /* SambaPlayer.swift in Sources */ = {isa = PBXBuildFile; fileRef = 9A5267F71D22D5BD00C9C015 /* SambaPlayer.swift */; };
		9A5268031D22D5BD00C9C015 /* Settings.plist in Resources */ = {isa = PBXBuildFile; fileRef = 9A5267F81D22D5BD00C9C015 /* Settings.plist */; };
		9A5268041D22D5BD00C9C015 /* Tracking.swift in Sources */ = {isa = PBXBuildFile; fileRef = 9A5267F91D22D5BD00C9C015 /* Tracking.swift */; };
		9A5268061D2304EC00C9C015 /* SambaMedia.swift in Sources */ = {isa = PBXBuildFile; fileRef = 9A5267F41D22D5BD00C9C015 /* SambaMedia.swift */; };
		9A52680B1D230A2100C9C015 /* GoogleInteractiveMediaAds.framework in Frameworks */ = {isa = PBXBuildFile; fileRef = 9AF325FC1D14B5E300B6E450 /* GoogleInteractiveMediaAds.framework */; };
		9A91E8DC1D14BD9000C30DD3 /* GoogleInteractiveMediaAds.framework in Frameworks */ = {isa = PBXBuildFile; fileRef = 9AF325FC1D14B5E300B6E450 /* GoogleInteractiveMediaAds.framework */; };
		9A91E9021D14BFA200C30DD3 /* MediaListViewController.swift in Sources */ = {isa = PBXBuildFile; fileRef = 9A91E8F71D14BFA200C30DD3 /* MediaListViewController.swift */; };
		9A91E9031D14BFA200C30DD3 /* Helpers.swift in Sources */ = {isa = PBXBuildFile; fileRef = 9A91E8F81D14BFA200C30DD3 /* Helpers.swift */; };
		9A91E9041D14BFA200C30DD3 /* PlayerViewController.swift in Sources */ = {isa = PBXBuildFile; fileRef = 9A91E8F91D14BFA200C30DD3 /* PlayerViewController.swift */; };
		9A91E9051D14BFA200C30DD3 /* AppDelegate.swift in Sources */ = {isa = PBXBuildFile; fileRef = 9A91E8FA1D14BFA200C30DD3 /* AppDelegate.swift */; };
		9A91E9061D14BFA200C30DD3 /* MediaListTableViewCell.swift in Sources */ = {isa = PBXBuildFile; fileRef = 9A91E8FB1D14BFA200C30DD3 /* MediaListTableViewCell.swift */; };
		9A91E9081D14BFA200C30DD3 /* Configs.plist in Resources */ = {isa = PBXBuildFile; fileRef = 9A91E8FD1D14BFA200C30DD3 /* Configs.plist */; };
		9A91E90A1D14BFA200C30DD3 /* Assets.xcassets in Resources */ = {isa = PBXBuildFile; fileRef = 9A91E9001D14BFA200C30DD3 /* Assets.xcassets */; };
		9A91E90E1D14BFB200C30DD3 /* LaunchScreen.storyboard in Resources */ = {isa = PBXBuildFile; fileRef = 9A91E90C1D14BFB200C30DD3 /* LaunchScreen.storyboard */; };
		9A91E90F1D14BFB200C30DD3 /* Main.storyboard in Resources */ = {isa = PBXBuildFile; fileRef = 9A91E90D1D14BFB200C30DD3 /* Main.storyboard */; };
		9AE08ABC1D3FFEF500C847CC /* OutputMenu.xib in Resources */ = {isa = PBXBuildFile; fileRef = 9AE08ABB1D3FFEF500C847CC /* OutputMenu.xib */; };
		9AEBF9231D4920A70033FBAC /* SambaPlayer.framework in Embed Frameworks */ = {isa = PBXBuildFile; fileRef = 9AF3263D1D14B87E00B6E450 /* SambaPlayer.framework */; settings = {ATTRIBUTES = (CodeSignOnCopy, RemoveHeadersOnCopy, ); }; };
		9AEBF9251D4921EB0033FBAC /* SambaPlayer.framework in Frameworks */ = {isa = PBXBuildFile; fileRef = 9AF3263D1D14B87E00B6E450 /* SambaPlayer.framework */; };
		9AEC54EF1D21C9E300EB1C4C /* main.m in Sources */ = {isa = PBXBuildFile; fileRef = 9AEC54EE1D21C9E300EB1C4C /* main.m */; };
		9AEC54F21D21C9E300EB1C4C /* AppDelegate.m in Sources */ = {isa = PBXBuildFile; fileRef = 9AEC54F11D21C9E300EB1C4C /* AppDelegate.m */; };
		9AEC54F51D21C9E300EB1C4C /* ViewController.m in Sources */ = {isa = PBXBuildFile; fileRef = 9AEC54F41D21C9E300EB1C4C /* ViewController.m */; };
		9AEC54F81D21C9E300EB1C4C /* Main.storyboard in Resources */ = {isa = PBXBuildFile; fileRef = 9AEC54F61D21C9E300EB1C4C /* Main.storyboard */; };
		9AEC54FA1D21C9E300EB1C4C /* Assets.xcassets in Resources */ = {isa = PBXBuildFile; fileRef = 9AEC54F91D21C9E300EB1C4C /* Assets.xcassets */; };
		9AEC54FD1D21C9E300EB1C4C /* LaunchScreen.storyboard in Resources */ = {isa = PBXBuildFile; fileRef = 9AEC54FB1D21C9E300EB1C4C /* LaunchScreen.storyboard */; };
		9AF325D71D14B5B900B6E450 /* GMFAdService.h in Headers */ = {isa = PBXBuildFile; fileRef = 9AF325B31D14B5B900B6E450 /* GMFAdService.h */; settings = {ATTRIBUTES = (Public, ); }; };
		9AF325D81D14B5B900B6E450 /* GMFAdService.m in Sources */ = {isa = PBXBuildFile; fileRef = 9AF325B41D14B5B900B6E450 /* GMFAdService.m */; };
		9AF325D91D14B5B900B6E450 /* GMFContentPlayhead.h in Headers */ = {isa = PBXBuildFile; fileRef = 9AF325B51D14B5B900B6E450 /* GMFContentPlayhead.h */; settings = {ATTRIBUTES = (Public, ); }; };
		9AF325DA1D14B5B900B6E450 /* GMFContentPlayhead.m in Sources */ = {isa = PBXBuildFile; fileRef = 9AF325B61D14B5B900B6E450 /* GMFContentPlayhead.m */; };
		9AF325DB1D14B5B900B6E450 /* GMFIMASDKAdService.h in Headers */ = {isa = PBXBuildFile; fileRef = 9AF325B71D14B5B900B6E450 /* GMFIMASDKAdService.h */; settings = {ATTRIBUTES = (Public, ); }; };
		9AF325DC1D14B5B900B6E450 /* GMFIMASDKAdService.m in Sources */ = {isa = PBXBuildFile; fileRef = 9AF325B81D14B5B900B6E450 /* GMFIMASDKAdService.m */; };
		9AF325DD1D14B5B900B6E450 /* GMFPlayerControlsProtocol.h in Headers */ = {isa = PBXBuildFile; fileRef = 9AF325B91D14B5B900B6E450 /* GMFPlayerControlsProtocol.h */; settings = {ATTRIBUTES = (Public, ); }; };
		9AF325DE1D14B5B900B6E450 /* GMFPlayerControlsView.h in Headers */ = {isa = PBXBuildFile; fileRef = 9AF325BA1D14B5B900B6E450 /* GMFPlayerControlsView.h */; settings = {ATTRIBUTES = (Public, ); }; };
		9AF325DF1D14B5B900B6E450 /* GMFPlayerControlsView.m in Sources */ = {isa = PBXBuildFile; fileRef = 9AF325BB1D14B5B900B6E450 /* GMFPlayerControlsView.m */; };
		9AF325E01D14B5B900B6E450 /* GMFPlayerFinishReason.h in Headers */ = {isa = PBXBuildFile; fileRef = 9AF325BC1D14B5B900B6E450 /* GMFPlayerFinishReason.h */; settings = {ATTRIBUTES = (Public, ); }; };
		9AF325E11D14B5B900B6E450 /* GMFPlayerOverlayView.h in Headers */ = {isa = PBXBuildFile; fileRef = 9AF325BD1D14B5B900B6E450 /* GMFPlayerOverlayView.h */; settings = {ATTRIBUTES = (Public, ); }; };
		9AF325E21D14B5B900B6E450 /* GMFPlayerOverlayView.m in Sources */ = {isa = PBXBuildFile; fileRef = 9AF325BE1D14B5B900B6E450 /* GMFPlayerOverlayView.m */; };
		9AF325E31D14B5B900B6E450 /* GMFPlayerOverlayViewController.h in Headers */ = {isa = PBXBuildFile; fileRef = 9AF325BF1D14B5B900B6E450 /* GMFPlayerOverlayViewController.h */; settings = {ATTRIBUTES = (Public, ); }; };
		9AF325E41D14B5B900B6E450 /* GMFPlayerOverlayViewController.m in Sources */ = {isa = PBXBuildFile; fileRef = 9AF325C01D14B5B900B6E450 /* GMFPlayerOverlayViewController.m */; };
		9AF325E51D14B5B900B6E450 /* GMFPlayerState.h in Headers */ = {isa = PBXBuildFile; fileRef = 9AF325C11D14B5B900B6E450 /* GMFPlayerState.h */; settings = {ATTRIBUTES = (Public, ); }; };
		9AF325E61D14B5B900B6E450 /* GMFPlayerView.h in Headers */ = {isa = PBXBuildFile; fileRef = 9AF325C21D14B5B900B6E450 /* GMFPlayerView.h */; settings = {ATTRIBUTES = (Public, ); }; };
		9AF325E71D14B5B900B6E450 /* GMFPlayerView.m in Sources */ = {isa = PBXBuildFile; fileRef = 9AF325C31D14B5B900B6E450 /* GMFPlayerView.m */; };
		9AF325E81D14B5B900B6E450 /* GMFPlayerViewController.h in Headers */ = {isa = PBXBuildFile; fileRef = 9AF325C41D14B5B900B6E450 /* GMFPlayerViewController.h */; settings = {ATTRIBUTES = (Public, ); }; };
		9AF325E91D14B5B900B6E450 /* GMFPlayerViewController.m in Sources */ = {isa = PBXBuildFile; fileRef = 9AF325C51D14B5B900B6E450 /* GMFPlayerViewController.m */; };
		9AF325EA1D14B5B900B6E450 /* GMFResources.h in Headers */ = {isa = PBXBuildFile; fileRef = 9AF325C61D14B5B900B6E450 /* GMFResources.h */; settings = {ATTRIBUTES = (Public, ); }; };
		9AF325EB1D14B5B900B6E450 /* GMFResources.m in Sources */ = {isa = PBXBuildFile; fileRef = 9AF325C71D14B5B900B6E450 /* GMFResources.m */; };
		9AF325EC1D14B5B900B6E450 /* GMFTopBarView.h in Headers */ = {isa = PBXBuildFile; fileRef = 9AF325C81D14B5B900B6E450 /* GMFTopBarView.h */; settings = {ATTRIBUTES = (Public, ); }; };
		9AF325ED1D14B5B900B6E450 /* GMFTopBarView.m in Sources */ = {isa = PBXBuildFile; fileRef = 9AF325C91D14B5B900B6E450 /* GMFTopBarView.m */; };
		9AF325EE1D14B5B900B6E450 /* GMFVideoPlayer.h in Headers */ = {isa = PBXBuildFile; fileRef = 9AF325CA1D14B5B900B6E450 /* GMFVideoPlayer.h */; settings = {ATTRIBUTES = (Public, ); }; };
		9AF325EF1D14B5B900B6E450 /* GMFVideoPlayer.m in Sources */ = {isa = PBXBuildFile; fileRef = 9AF325CB1D14B5B900B6E450 /* GMFVideoPlayer.m */; };
		9AF325F01D14B5B900B6E450 /* GoogleMediaFramework-Prefix.pch in Headers */ = {isa = PBXBuildFile; fileRef = 9AF325CC1D14B5B900B6E450 /* GoogleMediaFramework-Prefix.pch */; settings = {ATTRIBUTES = (Public, ); }; };
		9AF325F11D14B5B900B6E450 /* GoogleMediaFramework.h in Headers */ = {isa = PBXBuildFile; fileRef = 9AF325CD1D14B5B900B6E450 /* GoogleMediaFramework.h */; settings = {ATTRIBUTES = (Public, ); }; };
		9AF325F21D14B5B900B6E450 /* GVPVideoPlayerSDK-Prefix.pch in Headers */ = {isa = PBXBuildFile; fileRef = 9AF325CE1D14B5B900B6E450 /* GVPVideoPlayerSDK-Prefix.pch */; settings = {ATTRIBUTES = (Public, ); }; };
		9AF325F31D14B5B900B6E450 /* UIButton+GMFTintableButton.h in Headers */ = {isa = PBXBuildFile; fileRef = 9AF325CF1D14B5B900B6E450 /* UIButton+GMFTintableButton.h */; settings = {ATTRIBUTES = (Public, ); }; };
		9AF325F41D14B5B900B6E450 /* UIButton+GMFTintableButton.m in Sources */ = {isa = PBXBuildFile; fileRef = 9AF325D01D14B5B900B6E450 /* UIButton+GMFTintableButton.m */; };
		9AF325F51D14B5B900B6E450 /* UIImage+GMFTintableImage.h in Headers */ = {isa = PBXBuildFile; fileRef = 9AF325D11D14B5B900B6E450 /* UIImage+GMFTintableImage.h */; settings = {ATTRIBUTES = (Public, ); }; };
		9AF325F61D14B5B900B6E450 /* UIImage+GMFTintableImage.m in Sources */ = {isa = PBXBuildFile; fileRef = 9AF325D21D14B5B900B6E450 /* UIImage+GMFTintableImage.m */; };
		9AF325F71D14B5B900B6E450 /* UILabel+GMFLabels.h in Headers */ = {isa = PBXBuildFile; fileRef = 9AF325D31D14B5B900B6E450 /* UILabel+GMFLabels.h */; settings = {ATTRIBUTES = (Public, ); }; };
		9AF325F81D14B5B900B6E450 /* UILabel+GMFLabels.m in Sources */ = {isa = PBXBuildFile; fileRef = 9AF325D41D14B5B900B6E450 /* UILabel+GMFLabels.m */; };
		9AF325F91D14B5B900B6E450 /* UISlider+GMFSlider.h in Headers */ = {isa = PBXBuildFile; fileRef = 9AF325D51D14B5B900B6E450 /* UISlider+GMFSlider.h */; settings = {ATTRIBUTES = (Public, ); }; };
		9AF325FA1D14B5B900B6E450 /* UISlider+GMFSlider.m in Sources */ = {isa = PBXBuildFile; fileRef = 9AF325D61D14B5B900B6E450 /* UISlider+GMFSlider.m */; };
		9AF325FD1D14B5E300B6E450 /* GoogleInteractiveMediaAds.framework in Frameworks */ = {isa = PBXBuildFile; fileRef = 9AF325FC1D14B5E300B6E450 /* GoogleInteractiveMediaAds.framework */; };
/* End PBXBuildFile section */

/* Begin PBXContainerItemProxy section */
		9A0921AF1D36D14700171F89 /* PBXContainerItemProxy */ = {
			isa = PBXContainerItemProxy;
			containerPortal = 9AF324D01D14356E00B6E450 /* Project object */;
			proxyType = 1;
			remoteGlobalIDString = 9AF324D81D14356E00B6E450;
			remoteInfo = SambaPlayer;
		};
		9AEBF9201D48FBAF0033FBAC /* PBXContainerItemProxy */ = {
			isa = PBXContainerItemProxy;
			containerPortal = 9AF324D01D14356E00B6E450 /* Project object */;
			proxyType = 1;
			remoteGlobalIDString = 9AF324D81D14356E00B6E450;
			remoteInfo = SambaPlayer;
		};
/* End PBXContainerItemProxy section */

/* Begin PBXCopyFilesBuildPhase section */
		9A0921B11D36D14700171F89 /* Embed Frameworks */ = {
			isa = PBXCopyFilesBuildPhase;
			buildActionMask = 8;
			dstPath = "";
			dstSubfolderSpec = 10;
			files = (
				9A0921AE1D36D14700171F89 /* SambaPlayer.framework in Embed Frameworks */,
			);
			name = "Embed Frameworks";
			runOnlyForDeploymentPostprocessing = 1;
		};
		9AEBF9241D4920A70033FBAC /* Embed Frameworks */ = {
			isa = PBXCopyFilesBuildPhase;
			buildActionMask = 12;
			dstPath = "";
			dstSubfolderSpec = 10;
			files = (
				9AEBF9231D4920A70033FBAC /* SambaPlayer.framework in Embed Frameworks */,
			);
			name = "Embed Frameworks";
			runOnlyForDeploymentPostprocessing = 0;
		};
/* End PBXCopyFilesBuildPhase section */

/* Begin PBXFileReference section */
		9A1ADB911D4A3D09008A5BEE /* en */ = {isa = PBXFileReference; lastKnownFileType = text.plist.strings; name = en; path = en.lproj/GoogleMediaFramework.strings; sourceTree = "<group>"; };
		9A1ADB921D4A3D09008A5BEE /* player_control_close@2x.png */ = {isa = PBXFileReference; lastKnownFileType = image.png; path = "player_control_close@2x.png"; sourceTree = "<group>"; };
		9A1ADB931D4A3D09008A5BEE /* player_control_hd@1x.png */ = {isa = PBXFileReference; lastKnownFileType = image.png; path = "player_control_hd@1x.png"; sourceTree = "<group>"; };
		9A1ADB941D4A3D09008A5BEE /* player_control_hd@2x.png */ = {isa = PBXFileReference; lastKnownFileType = image.png; path = "player_control_hd@2x.png"; sourceTree = "<group>"; };
		9A1ADB951D4A3D09008A5BEE /* player_control_hd@3x.png */ = {isa = PBXFileReference; lastKnownFileType = image.png; path = "player_control_hd@3x.png"; sourceTree = "<group>"; };
		9A1ADB961D4A3D09008A5BEE /* player_control_ic_live@1x.png */ = {isa = PBXFileReference; lastKnownFileType = image.png; path = "player_control_ic_live@1x.png"; sourceTree = "<group>"; };
		9A1ADB971D4A3D09008A5BEE /* player_control_ic_live@2x.png */ = {isa = PBXFileReference; lastKnownFileType = image.png; path = "player_control_ic_live@2x.png"; sourceTree = "<group>"; };
		9A1ADB981D4A3D09008A5BEE /* player_control_ic_live@3x.png */ = {isa = PBXFileReference; lastKnownFileType = image.png; path = "player_control_ic_live@3x.png"; sourceTree = "<group>"; };
		9A1ADB991D4A3D09008A5BEE /* player_control_maximize@1x.png */ = {isa = PBXFileReference; lastKnownFileType = image.png; path = "player_control_maximize@1x.png"; sourceTree = "<group>"; };
		9A1ADB9A1D4A3D09008A5BEE /* player_control_maximize@2x.png */ = {isa = PBXFileReference; lastKnownFileType = image.png; path = "player_control_maximize@2x.png"; sourceTree = "<group>"; };
		9A1ADB9B1D4A3D09008A5BEE /* player_control_maximize@3x.png */ = {isa = PBXFileReference; lastKnownFileType = image.png; path = "player_control_maximize@3x.png"; sourceTree = "<group>"; };
		9A1ADB9C1D4A3D09008A5BEE /* player_control_minimize@1x.png */ = {isa = PBXFileReference; lastKnownFileType = image.png; path = "player_control_minimize@1x.png"; sourceTree = "<group>"; };
		9A1ADB9D1D4A3D09008A5BEE /* player_control_minimize@2x.png */ = {isa = PBXFileReference; lastKnownFileType = image.png; path = "player_control_minimize@2x.png"; sourceTree = "<group>"; };
		9A1ADB9E1D4A3D09008A5BEE /* player_control_minimize@3x.png */ = {isa = PBXFileReference; lastKnownFileType = image.png; path = "player_control_minimize@3x.png"; sourceTree = "<group>"; };
		9A1ADB9F1D4A3D09008A5BEE /* player_control_pause@1x.png */ = {isa = PBXFileReference; lastKnownFileType = image.png; path = "player_control_pause@1x.png"; sourceTree = "<group>"; };
		9A1ADBA01D4A3D09008A5BEE /* player_control_pause@2x.png */ = {isa = PBXFileReference; lastKnownFileType = image.png; path = "player_control_pause@2x.png"; sourceTree = "<group>"; };
		9A1ADBA11D4A3D09008A5BEE /* player_control_pause@3x.png */ = {isa = PBXFileReference; lastKnownFileType = image.png; path = "player_control_pause@3x.png"; sourceTree = "<group>"; };
		9A1ADBA21D4A3D09008A5BEE /* player_control_pause_large@1x.png */ = {isa = PBXFileReference; lastKnownFileType = image.png; path = "player_control_pause_large@1x.png"; sourceTree = "<group>"; };
		9A1ADBA31D4A3D09008A5BEE /* player_control_pause_large@2x.png */ = {isa = PBXFileReference; lastKnownFileType = image.png; path = "player_control_pause_large@2x.png"; sourceTree = "<group>"; };
		9A1ADBA41D4A3D09008A5BEE /* player_control_pause_large@3x.png */ = {isa = PBXFileReference; lastKnownFileType = image.png; path = "player_control_pause_large@3x.png"; sourceTree = "<group>"; };
		9A1ADBA51D4A3D09008A5BEE /* player_control_play@1x.png */ = {isa = PBXFileReference; lastKnownFileType = image.png; path = "player_control_play@1x.png"; sourceTree = "<group>"; };
		9A1ADBA61D4A3D09008A5BEE /* player_control_play@2x.png */ = {isa = PBXFileReference; lastKnownFileType = image.png; path = "player_control_play@2x.png"; sourceTree = "<group>"; };
		9A1ADBA71D4A3D09008A5BEE /* player_control_play@3x.png */ = {isa = PBXFileReference; lastKnownFileType = image.png; path = "player_control_play@3x.png"; sourceTree = "<group>"; };
		9A1ADBA81D4A3D09008A5BEE /* player_control_play_large@1x.png */ = {isa = PBXFileReference; lastKnownFileType = image.png; path = "player_control_play_large@1x.png"; sourceTree = "<group>"; };
		9A1ADBA91D4A3D09008A5BEE /* player_control_play_large@2x.png */ = {isa = PBXFileReference; lastKnownFileType = image.png; path = "player_control_play_large@2x.png"; sourceTree = "<group>"; };
		9A1ADBAA1D4A3D09008A5BEE /* player_control_play_large@3x.png */ = {isa = PBXFileReference; lastKnownFileType = image.png; path = "player_control_play_large@3x.png"; sourceTree = "<group>"; };
		9A1ADBAB1D4A3D09008A5BEE /* player_control_replay@1x.png */ = {isa = PBXFileReference; lastKnownFileType = image.png; path = "player_control_replay@1x.png"; sourceTree = "<group>"; };
		9A1ADBAC1D4A3D09008A5BEE /* player_control_replay@2x.png */ = {isa = PBXFileReference; lastKnownFileType = image.png; path = "player_control_replay@2x.png"; sourceTree = "<group>"; };
		9A1ADBAD1D4A3D09008A5BEE /* player_control_replay@3x.png */ = {isa = PBXFileReference; lastKnownFileType = image.png; path = "player_control_replay@3x.png"; sourceTree = "<group>"; };
		9A1ADBAE1D4A3D09008A5BEE /* player_control_replay_large@1x.png */ = {isa = PBXFileReference; lastKnownFileType = image.png; path = "player_control_replay_large@1x.png"; sourceTree = "<group>"; };
		9A1ADBAF1D4A3D09008A5BEE /* player_control_replay_large@2x.png */ = {isa = PBXFileReference; lastKnownFileType = image.png; path = "player_control_replay_large@2x.png"; sourceTree = "<group>"; };
		9A1ADBB01D4A3D09008A5BEE /* player_control_replay_large@3x.png */ = {isa = PBXFileReference; lastKnownFileType = image.png; path = "player_control_replay_large@3x.png"; sourceTree = "<group>"; };
		9A1ADBB11D4A3D09008A5BEE /* player_controls_background@2x.png */ = {isa = PBXFileReference; lastKnownFileType = image.png; path = "player_controls_background@2x.png"; sourceTree = "<group>"; };
		9A1ADBB21D4A3D09008A5BEE /* player_controls_title_bar_background@2x.png */ = {isa = PBXFileReference; lastKnownFileType = image.png; path = "player_controls_title_bar_background@2x.png"; sourceTree = "<group>"; };
		9A1ADBB31D4A3D09008A5BEE /* player_scrubber_thumb@1x.png */ = {isa = PBXFileReference; lastKnownFileType = image.png; path = "player_scrubber_thumb@1x.png"; sourceTree = "<group>"; };
		9A1ADBB41D4A3D09008A5BEE /* player_scrubber_thumb@2x.png */ = {isa = PBXFileReference; lastKnownFileType = image.png; path = "player_scrubber_thumb@2x.png"; sourceTree = "<group>"; };
		9A1ADBB51D4A3D09008A5BEE /* player_scrubber_thumb@3x.png */ = {isa = PBXFileReference; lastKnownFileType = image.png; path = "player_scrubber_thumb@3x.png"; sourceTree = "<group>"; };
		9A5267EF1D22D5BD00C9C015 /* Helpers.swift */ = {isa = PBXFileReference; fileEncoding = 4; lastKnownFileType = sourcecode.swift; path = Helpers.swift; sourceTree = "<group>"; };
		9A5267F01D22D5BD00C9C015 /* Info.plist */ = {isa = PBXFileReference; fileEncoding = 4; lastKnownFileType = text.plist.xml; path = Info.plist; sourceTree = "<group>"; };
		9A5267F21D22D5BD00C9C015 /* OutputMenuViewController.swift */ = {isa = PBXFileReference; fileEncoding = 4; lastKnownFileType = sourcecode.swift; path = OutputMenuViewController.swift; sourceTree = "<group>"; };
		9A5267F31D22D5BD00C9C015 /* SambaApi.swift */ = {isa = PBXFileReference; fileEncoding = 4; lastKnownFileType = sourcecode.swift; path = SambaApi.swift; sourceTree = "<group>"; };
		9A5267F41D22D5BD00C9C015 /* SambaMedia.swift */ = {isa = PBXFileReference; fileEncoding = 4; lastKnownFileType = sourcecode.swift; path = SambaMedia.swift; sourceTree = "<group>"; };
		9A5267F51D22D5BD00C9C015 /* SambaMediaRequest.swift */ = {isa = PBXFileReference; fileEncoding = 4; lastKnownFileType = sourcecode.swift; path = SambaMediaRequest.swift; sourceTree = "<group>"; };
		9A5267F61D22D5BD00C9C015 /* SambaPlayer.h */ = {isa = PBXFileReference; fileEncoding = 4; lastKnownFileType = sourcecode.c.h; path = SambaPlayer.h; sourceTree = "<group>"; };
		9A5267F71D22D5BD00C9C015 /* SambaPlayer.swift */ = {isa = PBXFileReference; fileEncoding = 4; lastKnownFileType = sourcecode.swift; path = SambaPlayer.swift; sourceTree = "<group>"; };
		9A5267F81D22D5BD00C9C015 /* Settings.plist */ = {isa = PBXFileReference; fileEncoding = 4; lastKnownFileType = text.plist.xml; path = Settings.plist; sourceTree = "<group>"; };
		9A5267F91D22D5BD00C9C015 /* Tracking.swift */ = {isa = PBXFileReference; fileEncoding = 4; lastKnownFileType = sourcecode.swift; path = Tracking.swift; sourceTree = "<group>"; };
		9A52680C1D230C0500C9C015 /* Exportable.modulemap */ = {isa = PBXFileReference; lastKnownFileType = "sourcecode.module-map"; path = Exportable.modulemap; sourceTree = "<group>"; };
		9A91E8C61D14BCBF00C30DD3 /* Test.app */ = {isa = PBXFileReference; explicitFileType = wrapper.application; includeInIndex = 0; path = Test.app; sourceTree = BUILT_PRODUCTS_DIR; };
		9A91E8F71D14BFA200C30DD3 /* MediaListViewController.swift */ = {isa = PBXFileReference; fileEncoding = 4; lastKnownFileType = sourcecode.swift; path = MediaListViewController.swift; sourceTree = "<group>"; };
		9A91E8F81D14BFA200C30DD3 /* Helpers.swift */ = {isa = PBXFileReference; fileEncoding = 4; lastKnownFileType = sourcecode.swift; path = Helpers.swift; sourceTree = "<group>"; };
		9A91E8F91D14BFA200C30DD3 /* PlayerViewController.swift */ = {isa = PBXFileReference; fileEncoding = 4; lastKnownFileType = sourcecode.swift; path = PlayerViewController.swift; sourceTree = "<group>"; };
		9A91E8FA1D14BFA200C30DD3 /* AppDelegate.swift */ = {isa = PBXFileReference; fileEncoding = 4; lastKnownFileType = sourcecode.swift; path = AppDelegate.swift; sourceTree = "<group>"; };
		9A91E8FB1D14BFA200C30DD3 /* MediaListTableViewCell.swift */ = {isa = PBXFileReference; fileEncoding = 4; lastKnownFileType = sourcecode.swift; path = MediaListTableViewCell.swift; sourceTree = "<group>"; };
		9A91E8FC1D14BFA200C30DD3 /* Info.plist */ = {isa = PBXFileReference; fileEncoding = 4; lastKnownFileType = text.plist.xml; path = Info.plist; sourceTree = "<group>"; };
		9A91E8FD1D14BFA200C30DD3 /* Configs.plist */ = {isa = PBXFileReference; fileEncoding = 4; lastKnownFileType = text.plist.xml; path = Configs.plist; sourceTree = "<group>"; };
		9A91E8FF1D14BFA200C30DD3 /* Test-Bridging-Header.h */ = {isa = PBXFileReference; fileEncoding = 4; lastKnownFileType = sourcecode.c.h; path = "Test-Bridging-Header.h"; sourceTree = "<group>"; };
		9A91E9001D14BFA200C30DD3 /* Assets.xcassets */ = {isa = PBXFileReference; lastKnownFileType = folder.assetcatalog; path = Assets.xcassets; sourceTree = "<group>"; };
		9A91E90C1D14BFB200C30DD3 /* LaunchScreen.storyboard */ = {isa = PBXFileReference; fileEncoding = 4; lastKnownFileType = file.storyboard; name = LaunchScreen.storyboard; path = Base.lproj/LaunchScreen.storyboard; sourceTree = "<group>"; };
		9A91E90D1D14BFB200C30DD3 /* Main.storyboard */ = {isa = PBXFileReference; fileEncoding = 4; lastKnownFileType = file.storyboard; name = Main.storyboard; path = Base.lproj/Main.storyboard; sourceTree = "<group>"; };
		9AE08ABB1D3FFEF500C847CC /* OutputMenu.xib */ = {isa = PBXFileReference; fileEncoding = 4; lastKnownFileType = file.xib; path = OutputMenu.xib; sourceTree = "<group>"; };
		9AEC54EB1D21C9E200EB1C4C /* TestObjC.app */ = {isa = PBXFileReference; explicitFileType = wrapper.application; includeInIndex = 0; path = TestObjC.app; sourceTree = BUILT_PRODUCTS_DIR; };
		9AEC54EE1D21C9E300EB1C4C /* main.m */ = {isa = PBXFileReference; lastKnownFileType = sourcecode.c.objc; path = main.m; sourceTree = "<group>"; };
		9AEC54F01D21C9E300EB1C4C /* AppDelegate.h */ = {isa = PBXFileReference; lastKnownFileType = sourcecode.c.h; path = AppDelegate.h; sourceTree = "<group>"; };
		9AEC54F11D21C9E300EB1C4C /* AppDelegate.m */ = {isa = PBXFileReference; lastKnownFileType = sourcecode.c.objc; path = AppDelegate.m; sourceTree = "<group>"; };
		9AEC54F31D21C9E300EB1C4C /* ViewController.h */ = {isa = PBXFileReference; lastKnownFileType = sourcecode.c.h; path = ViewController.h; sourceTree = "<group>"; };
		9AEC54F41D21C9E300EB1C4C /* ViewController.m */ = {isa = PBXFileReference; lastKnownFileType = sourcecode.c.objc; path = ViewController.m; sourceTree = "<group>"; };
		9AEC54F71D21C9E300EB1C4C /* Base */ = {isa = PBXFileReference; lastKnownFileType = file.storyboard; name = Base; path = Base.lproj/Main.storyboard; sourceTree = "<group>"; };
		9AEC54F91D21C9E300EB1C4C /* Assets.xcassets */ = {isa = PBXFileReference; lastKnownFileType = folder.assetcatalog; path = Assets.xcassets; sourceTree = "<group>"; };
		9AEC54FC1D21C9E300EB1C4C /* Base */ = {isa = PBXFileReference; lastKnownFileType = file.storyboard; name = Base; path = Base.lproj/LaunchScreen.storyboard; sourceTree = "<group>"; };
		9AEC54FE1D21C9E300EB1C4C /* Info.plist */ = {isa = PBXFileReference; lastKnownFileType = text.plist.xml; path = Info.plist; sourceTree = "<group>"; };
		9AF325B31D14B5B900B6E450 /* GMFAdService.h */ = {isa = PBXFileReference; fileEncoding = 4; lastKnownFileType = sourcecode.c.h; name = GMFAdService.h; path = GoogleMediaFramework/GMFAdService.h; sourceTree = "<group>"; };
		9AF325B41D14B5B900B6E450 /* GMFAdService.m */ = {isa = PBXFileReference; fileEncoding = 4; lastKnownFileType = sourcecode.c.objc; name = GMFAdService.m; path = GoogleMediaFramework/GMFAdService.m; sourceTree = "<group>"; };
		9AF325B51D14B5B900B6E450 /* GMFContentPlayhead.h */ = {isa = PBXFileReference; fileEncoding = 4; lastKnownFileType = sourcecode.c.h; name = GMFContentPlayhead.h; path = GoogleMediaFramework/GMFContentPlayhead.h; sourceTree = "<group>"; };
		9AF325B61D14B5B900B6E450 /* GMFContentPlayhead.m */ = {isa = PBXFileReference; fileEncoding = 4; lastKnownFileType = sourcecode.c.objc; name = GMFContentPlayhead.m; path = GoogleMediaFramework/GMFContentPlayhead.m; sourceTree = "<group>"; };
		9AF325B71D14B5B900B6E450 /* GMFIMASDKAdService.h */ = {isa = PBXFileReference; fileEncoding = 4; lastKnownFileType = sourcecode.c.h; name = GMFIMASDKAdService.h; path = GoogleMediaFramework/GMFIMASDKAdService.h; sourceTree = "<group>"; };
		9AF325B81D14B5B900B6E450 /* GMFIMASDKAdService.m */ = {isa = PBXFileReference; fileEncoding = 4; lastKnownFileType = sourcecode.c.objc; name = GMFIMASDKAdService.m; path = GoogleMediaFramework/GMFIMASDKAdService.m; sourceTree = "<group>"; };
		9AF325B91D14B5B900B6E450 /* GMFPlayerControlsProtocol.h */ = {isa = PBXFileReference; fileEncoding = 4; lastKnownFileType = sourcecode.c.h; name = GMFPlayerControlsProtocol.h; path = GoogleMediaFramework/GMFPlayerControlsProtocol.h; sourceTree = "<group>"; };
		9AF325BA1D14B5B900B6E450 /* GMFPlayerControlsView.h */ = {isa = PBXFileReference; fileEncoding = 4; lastKnownFileType = sourcecode.c.h; name = GMFPlayerControlsView.h; path = GoogleMediaFramework/GMFPlayerControlsView.h; sourceTree = "<group>"; };
		9AF325BB1D14B5B900B6E450 /* GMFPlayerControlsView.m */ = {isa = PBXFileReference; fileEncoding = 4; lastKnownFileType = sourcecode.c.objc; name = GMFPlayerControlsView.m; path = GoogleMediaFramework/GMFPlayerControlsView.m; sourceTree = "<group>"; };
		9AF325BC1D14B5B900B6E450 /* GMFPlayerFinishReason.h */ = {isa = PBXFileReference; fileEncoding = 4; lastKnownFileType = sourcecode.c.h; name = GMFPlayerFinishReason.h; path = GoogleMediaFramework/GMFPlayerFinishReason.h; sourceTree = "<group>"; };
		9AF325BD1D14B5B900B6E450 /* GMFPlayerOverlayView.h */ = {isa = PBXFileReference; fileEncoding = 4; lastKnownFileType = sourcecode.c.h; name = GMFPlayerOverlayView.h; path = GoogleMediaFramework/GMFPlayerOverlayView.h; sourceTree = "<group>"; };
		9AF325BE1D14B5B900B6E450 /* GMFPlayerOverlayView.m */ = {isa = PBXFileReference; fileEncoding = 4; lastKnownFileType = sourcecode.c.objc; name = GMFPlayerOverlayView.m; path = GoogleMediaFramework/GMFPlayerOverlayView.m; sourceTree = "<group>"; };
		9AF325BF1D14B5B900B6E450 /* GMFPlayerOverlayViewController.h */ = {isa = PBXFileReference; fileEncoding = 4; lastKnownFileType = sourcecode.c.h; name = GMFPlayerOverlayViewController.h; path = GoogleMediaFramework/GMFPlayerOverlayViewController.h; sourceTree = "<group>"; };
		9AF325C01D14B5B900B6E450 /* GMFPlayerOverlayViewController.m */ = {isa = PBXFileReference; fileEncoding = 4; lastKnownFileType = sourcecode.c.objc; name = GMFPlayerOverlayViewController.m; path = GoogleMediaFramework/GMFPlayerOverlayViewController.m; sourceTree = "<group>"; };
		9AF325C11D14B5B900B6E450 /* GMFPlayerState.h */ = {isa = PBXFileReference; fileEncoding = 4; lastKnownFileType = sourcecode.c.h; name = GMFPlayerState.h; path = GoogleMediaFramework/GMFPlayerState.h; sourceTree = "<group>"; };
		9AF325C21D14B5B900B6E450 /* GMFPlayerView.h */ = {isa = PBXFileReference; fileEncoding = 4; lastKnownFileType = sourcecode.c.h; name = GMFPlayerView.h; path = GoogleMediaFramework/GMFPlayerView.h; sourceTree = "<group>"; };
		9AF325C31D14B5B900B6E450 /* GMFPlayerView.m */ = {isa = PBXFileReference; fileEncoding = 4; lastKnownFileType = sourcecode.c.objc; name = GMFPlayerView.m; path = GoogleMediaFramework/GMFPlayerView.m; sourceTree = "<group>"; };
		9AF325C41D14B5B900B6E450 /* GMFPlayerViewController.h */ = {isa = PBXFileReference; fileEncoding = 4; lastKnownFileType = sourcecode.c.h; name = GMFPlayerViewController.h; path = GoogleMediaFramework/GMFPlayerViewController.h; sourceTree = "<group>"; };
		9AF325C51D14B5B900B6E450 /* GMFPlayerViewController.m */ = {isa = PBXFileReference; fileEncoding = 4; lastKnownFileType = sourcecode.c.objc; name = GMFPlayerViewController.m; path = GoogleMediaFramework/GMFPlayerViewController.m; sourceTree = "<group>"; };
		9AF325C61D14B5B900B6E450 /* GMFResources.h */ = {isa = PBXFileReference; fileEncoding = 4; lastKnownFileType = sourcecode.c.h; name = GMFResources.h; path = GoogleMediaFramework/GMFResources.h; sourceTree = "<group>"; };
		9AF325C71D14B5B900B6E450 /* GMFResources.m */ = {isa = PBXFileReference; fileEncoding = 4; lastKnownFileType = sourcecode.c.objc; name = GMFResources.m; path = GoogleMediaFramework/GMFResources.m; sourceTree = "<group>"; };
		9AF325C81D14B5B900B6E450 /* GMFTopBarView.h */ = {isa = PBXFileReference; fileEncoding = 4; lastKnownFileType = sourcecode.c.h; name = GMFTopBarView.h; path = GoogleMediaFramework/GMFTopBarView.h; sourceTree = "<group>"; };
		9AF325C91D14B5B900B6E450 /* GMFTopBarView.m */ = {isa = PBXFileReference; fileEncoding = 4; lastKnownFileType = sourcecode.c.objc; name = GMFTopBarView.m; path = GoogleMediaFramework/GMFTopBarView.m; sourceTree = "<group>"; };
		9AF325CA1D14B5B900B6E450 /* GMFVideoPlayer.h */ = {isa = PBXFileReference; fileEncoding = 4; lastKnownFileType = sourcecode.c.h; name = GMFVideoPlayer.h; path = GoogleMediaFramework/GMFVideoPlayer.h; sourceTree = "<group>"; };
		9AF325CB1D14B5B900B6E450 /* GMFVideoPlayer.m */ = {isa = PBXFileReference; fileEncoding = 4; lastKnownFileType = sourcecode.c.objc; name = GMFVideoPlayer.m; path = GoogleMediaFramework/GMFVideoPlayer.m; sourceTree = "<group>"; };
		9AF325CC1D14B5B900B6E450 /* GoogleMediaFramework-Prefix.pch */ = {isa = PBXFileReference; fileEncoding = 4; lastKnownFileType = sourcecode.c.h; name = "GoogleMediaFramework-Prefix.pch"; path = "GoogleMediaFramework/GoogleMediaFramework-Prefix.pch"; sourceTree = "<group>"; };
		9AF325CD1D14B5B900B6E450 /* GoogleMediaFramework.h */ = {isa = PBXFileReference; fileEncoding = 4; lastKnownFileType = sourcecode.c.h; name = GoogleMediaFramework.h; path = GoogleMediaFramework/GoogleMediaFramework.h; sourceTree = "<group>"; };
		9AF325CE1D14B5B900B6E450 /* GVPVideoPlayerSDK-Prefix.pch */ = {isa = PBXFileReference; fileEncoding = 4; lastKnownFileType = sourcecode.c.h; name = "GVPVideoPlayerSDK-Prefix.pch"; path = "GoogleMediaFramework/GVPVideoPlayerSDK-Prefix.pch"; sourceTree = "<group>"; };
		9AF325CF1D14B5B900B6E450 /* UIButton+GMFTintableButton.h */ = {isa = PBXFileReference; fileEncoding = 4; lastKnownFileType = sourcecode.c.h; name = "UIButton+GMFTintableButton.h"; path = "GoogleMediaFramework/UIButton+GMFTintableButton.h"; sourceTree = "<group>"; };
		9AF325D01D14B5B900B6E450 /* UIButton+GMFTintableButton.m */ = {isa = PBXFileReference; fileEncoding = 4; lastKnownFileType = sourcecode.c.objc; name = "UIButton+GMFTintableButton.m"; path = "GoogleMediaFramework/UIButton+GMFTintableButton.m"; sourceTree = "<group>"; };
		9AF325D11D14B5B900B6E450 /* UIImage+GMFTintableImage.h */ = {isa = PBXFileReference; fileEncoding = 4; lastKnownFileType = sourcecode.c.h; name = "UIImage+GMFTintableImage.h"; path = "GoogleMediaFramework/UIImage+GMFTintableImage.h"; sourceTree = "<group>"; };
		9AF325D21D14B5B900B6E450 /* UIImage+GMFTintableImage.m */ = {isa = PBXFileReference; fileEncoding = 4; lastKnownFileType = sourcecode.c.objc; name = "UIImage+GMFTintableImage.m"; path = "GoogleMediaFramework/UIImage+GMFTintableImage.m"; sourceTree = "<group>"; };
		9AF325D31D14B5B900B6E450 /* UILabel+GMFLabels.h */ = {isa = PBXFileReference; fileEncoding = 4; lastKnownFileType = sourcecode.c.h; name = "UILabel+GMFLabels.h"; path = "GoogleMediaFramework/UILabel+GMFLabels.h"; sourceTree = "<group>"; };
		9AF325D41D14B5B900B6E450 /* UILabel+GMFLabels.m */ = {isa = PBXFileReference; fileEncoding = 4; lastKnownFileType = sourcecode.c.objc; name = "UILabel+GMFLabels.m"; path = "GoogleMediaFramework/UILabel+GMFLabels.m"; sourceTree = "<group>"; };
		9AF325D51D14B5B900B6E450 /* UISlider+GMFSlider.h */ = {isa = PBXFileReference; fileEncoding = 4; lastKnownFileType = sourcecode.c.h; name = "UISlider+GMFSlider.h"; path = "GoogleMediaFramework/UISlider+GMFSlider.h"; sourceTree = "<group>"; };
		9AF325D61D14B5B900B6E450 /* UISlider+GMFSlider.m */ = {isa = PBXFileReference; fileEncoding = 4; lastKnownFileType = sourcecode.c.objc; name = "UISlider+GMFSlider.m"; path = "GoogleMediaFramework/UISlider+GMFSlider.m"; sourceTree = "<group>"; };
		9AF325FC1D14B5E300B6E450 /* GoogleInteractiveMediaAds.framework */ = {isa = PBXFileReference; lastKnownFileType = wrapper.framework; path = GoogleInteractiveMediaAds.framework; sourceTree = "<group>"; };
		9AF326111D14B6C200B6E450 /* Alamofire.framework */ = {isa = PBXFileReference; lastKnownFileType = wrapper.framework; path = Alamofire.framework; sourceTree = "<group>"; };
		9AF3263D1D14B87E00B6E450 /* SambaPlayer.framework */ = {isa = PBXFileReference; explicitFileType = wrapper.framework; includeInIndex = 0; path = SambaPlayer.framework; sourceTree = BUILT_PRODUCTS_DIR; };
/* End PBXFileReference section */

/* Begin PBXFrameworksBuildPhase section */
		9A91E8C31D14BCBF00C30DD3 /* Frameworks */ = {
			isa = PBXFrameworksBuildPhase;
			buildActionMask = 2147483647;
			files = (
				9A91E8DC1D14BD9000C30DD3 /* GoogleInteractiveMediaAds.framework in Frameworks */,
				9AEBF9251D4921EB0033FBAC /* SambaPlayer.framework in Frameworks */,
			);
			runOnlyForDeploymentPostprocessing = 0;
		};
		9AEC54E81D21C9E200EB1C4C /* Frameworks */ = {
			isa = PBXFrameworksBuildPhase;
			buildActionMask = 2147483647;
			files = (
				9A52680B1D230A2100C9C015 /* GoogleInteractiveMediaAds.framework in Frameworks */,
			);
			runOnlyForDeploymentPostprocessing = 0;
		};
		9AF324D51D14356E00B6E450 /* Frameworks */ = {
			isa = PBXFrameworksBuildPhase;
			buildActionMask = 2147483647;
			files = (
				9AF325FD1D14B5E300B6E450 /* GoogleInteractiveMediaAds.framework in Frameworks */,
			);
			runOnlyForDeploymentPostprocessing = 0;
		};
/* End PBXFrameworksBuildPhase section */

/* Begin PBXGroup section */
		9A1ADB8E1D4A3D09008A5BEE /* Fixtures */ = {
			isa = PBXGroup;
			children = (
				9A1ADB8F1D4A3D09008A5BEE /* GMFLocalizations */,
				9A1ADB921D4A3D09008A5BEE /* player_control_close@2x.png */,
				9A1ADB931D4A3D09008A5BEE /* player_control_hd@1x.png */,
				9A1ADB941D4A3D09008A5BEE /* player_control_hd@2x.png */,
				9A1ADB951D4A3D09008A5BEE /* player_control_hd@3x.png */,
				9A1ADB961D4A3D09008A5BEE /* player_control_ic_live@1x.png */,
				9A1ADB971D4A3D09008A5BEE /* player_control_ic_live@2x.png */,
				9A1ADB981D4A3D09008A5BEE /* player_control_ic_live@3x.png */,
				9A1ADB991D4A3D09008A5BEE /* player_control_maximize@1x.png */,
				9A1ADB9A1D4A3D09008A5BEE /* player_control_maximize@2x.png */,
				9A1ADB9B1D4A3D09008A5BEE /* player_control_maximize@3x.png */,
				9A1ADB9C1D4A3D09008A5BEE /* player_control_minimize@1x.png */,
				9A1ADB9D1D4A3D09008A5BEE /* player_control_minimize@2x.png */,
				9A1ADB9E1D4A3D09008A5BEE /* player_control_minimize@3x.png */,
				9A1ADB9F1D4A3D09008A5BEE /* player_control_pause@1x.png */,
				9A1ADBA01D4A3D09008A5BEE /* player_control_pause@2x.png */,
				9A1ADBA11D4A3D09008A5BEE /* player_control_pause@3x.png */,
				9A1ADBA21D4A3D09008A5BEE /* player_control_pause_large@1x.png */,
				9A1ADBA31D4A3D09008A5BEE /* player_control_pause_large@2x.png */,
				9A1ADBA41D4A3D09008A5BEE /* player_control_pause_large@3x.png */,
				9A1ADBA51D4A3D09008A5BEE /* player_control_play@1x.png */,
				9A1ADBA61D4A3D09008A5BEE /* player_control_play@2x.png */,
				9A1ADBA71D4A3D09008A5BEE /* player_control_play@3x.png */,
				9A1ADBA81D4A3D09008A5BEE /* player_control_play_large@1x.png */,
				9A1ADBA91D4A3D09008A5BEE /* player_control_play_large@2x.png */,
				9A1ADBAA1D4A3D09008A5BEE /* player_control_play_large@3x.png */,
				9A1ADBAB1D4A3D09008A5BEE /* player_control_replay@1x.png */,
				9A1ADBAC1D4A3D09008A5BEE /* player_control_replay@2x.png */,
				9A1ADBAD1D4A3D09008A5BEE /* player_control_replay@3x.png */,
				9A1ADBAE1D4A3D09008A5BEE /* player_control_replay_large@1x.png */,
				9A1ADBAF1D4A3D09008A5BEE /* player_control_replay_large@2x.png */,
				9A1ADBB01D4A3D09008A5BEE /* player_control_replay_large@3x.png */,
				9A1ADBB11D4A3D09008A5BEE /* player_controls_background@2x.png */,
				9A1ADBB21D4A3D09008A5BEE /* player_controls_title_bar_background@2x.png */,
				9A1ADBB31D4A3D09008A5BEE /* player_scrubber_thumb@1x.png */,
				9A1ADBB41D4A3D09008A5BEE /* player_scrubber_thumb@2x.png */,
				9A1ADBB51D4A3D09008A5BEE /* player_scrubber_thumb@3x.png */,
			);
			path = Fixtures;
			sourceTree = "<group>";
		};
		9A1ADB8F1D4A3D09008A5BEE /* GMFLocalizations */ = {
			isa = PBXGroup;
			children = (
				9A1ADB901D4A3D09008A5BEE /* GoogleMediaFramework.strings */,
			);
			path = GMFLocalizations;
			sourceTree = "<group>";
		};
		9A5267EE1D22D5BD00C9C015 /* SambaPlayer */ = {
			isa = PBXGroup;
			children = (
				9AE08ABB1D3FFEF500C847CC /* OutputMenu.xib */,
				9A5267EF1D22D5BD00C9C015 /* Helpers.swift */,
				9A5267F01D22D5BD00C9C015 /* Info.plist */,
				9A5267F21D22D5BD00C9C015 /* OutputMenuViewController.swift */,
				9A5267F31D22D5BD00C9C015 /* SambaApi.swift */,
				9A5267F41D22D5BD00C9C015 /* SambaMedia.swift */,
				9A5267F51D22D5BD00C9C015 /* SambaMediaRequest.swift */,
				9A5267F61D22D5BD00C9C015 /* SambaPlayer.h */,
				9A5267F71D22D5BD00C9C015 /* SambaPlayer.swift */,
				9A5267F81D22D5BD00C9C015 /* Settings.plist */,
				9A5267F91D22D5BD00C9C015 /* Tracking.swift */,
				9A52680C1D230C0500C9C015 /* Exportable.modulemap */,
			);
			path = SambaPlayer;
			sourceTree = "<group>";
		};
		9A91E8C11D14BC5F00C30DD3 /* Products */ = {
			isa = PBXGroup;
			children = (
				9AF3263D1D14B87E00B6E450 /* SambaPlayer.framework */,
			);
			name = Products;
			sourceTree = "<group>";
		};
		9A91E8C71D14BCBF00C30DD3 /* Test */ = {
			isa = PBXGroup;
			children = (
				9A91E8F71D14BFA200C30DD3 /* MediaListViewController.swift */,
				9A91E8F81D14BFA200C30DD3 /* Helpers.swift */,
				9A91E8F91D14BFA200C30DD3 /* PlayerViewController.swift */,
				9A91E8FA1D14BFA200C30DD3 /* AppDelegate.swift */,
				9A91E8FB1D14BFA200C30DD3 /* MediaListTableViewCell.swift */,
				9A91E8FC1D14BFA200C30DD3 /* Info.plist */,
				9A91E8FD1D14BFA200C30DD3 /* Configs.plist */,
				9A91E8FF1D14BFA200C30DD3 /* Test-Bridging-Header.h */,
				9A91E90C1D14BFB200C30DD3 /* LaunchScreen.storyboard */,
				9A91E90D1D14BFB200C30DD3 /* Main.storyboard */,
				9A91E9001D14BFA200C30DD3 /* Assets.xcassets */,
			);
			path = Test;
			sourceTree = "<group>";
		};
		9AEC54EC1D21C9E300EB1C4C /* TestObjC */ = {
			isa = PBXGroup;
			children = (
				9AEC54F01D21C9E300EB1C4C /* AppDelegate.h */,
				9AEC54F11D21C9E300EB1C4C /* AppDelegate.m */,
				9AEC54F31D21C9E300EB1C4C /* ViewController.h */,
				9AEC54F41D21C9E300EB1C4C /* ViewController.m */,
				9AEC54F61D21C9E300EB1C4C /* Main.storyboard */,
				9AEC54F91D21C9E300EB1C4C /* Assets.xcassets */,
				9AEC54FB1D21C9E300EB1C4C /* LaunchScreen.storyboard */,
				9AEC54FE1D21C9E300EB1C4C /* Info.plist */,
				9AEC54ED1D21C9E300EB1C4C /* Supporting Files */,
			);
			path = TestObjC;
			sourceTree = "<group>";
		};
		9AEC54ED1D21C9E300EB1C4C /* Supporting Files */ = {
			isa = PBXGroup;
			children = (
				9AEC54EE1D21C9E300EB1C4C /* main.m */,
			);
			name = "Supporting Files";
			sourceTree = "<group>";
		};
		9AF324CF1D14356E00B6E450 = {
			isa = PBXGroup;
			children = (
				9A5267EE1D22D5BD00C9C015 /* SambaPlayer */,
				9AF325B21D14B59700B6E450 /* GoogleMediaFramework */,
				9A91E8C71D14BCBF00C30DD3 /* Test */,
				9AEC54EC1D21C9E300EB1C4C /* TestObjC */,
				9AF325FB1D14B5E300B6E450 /* Frameworks */,
				9A91E8C11D14BC5F00C30DD3 /* Products */,
				9A1ADB8E1D4A3D09008A5BEE /* Fixtures */,
				9A91E8C61D14BCBF00C30DD3 /* Test.app */,
				9AEC54EB1D21C9E200EB1C4C /* TestObjC.app */,
			);
			sourceTree = "<group>";
		};
		9AF325B21D14B59700B6E450 /* GoogleMediaFramework */ = {
			isa = PBXGroup;
			children = (
				9AF325B31D14B5B900B6E450 /* GMFAdService.h */,
				9AF325B41D14B5B900B6E450 /* GMFAdService.m */,
				9AF325B51D14B5B900B6E450 /* GMFContentPlayhead.h */,
				9AF325B61D14B5B900B6E450 /* GMFContentPlayhead.m */,
				9AF325B71D14B5B900B6E450 /* GMFIMASDKAdService.h */,
				9AF325B81D14B5B900B6E450 /* GMFIMASDKAdService.m */,
				9AF325B91D14B5B900B6E450 /* GMFPlayerControlsProtocol.h */,
				9AF325BA1D14B5B900B6E450 /* GMFPlayerControlsView.h */,
				9AF325BB1D14B5B900B6E450 /* GMFPlayerControlsView.m */,
				9AF325BC1D14B5B900B6E450 /* GMFPlayerFinishReason.h */,
				9AF325BD1D14B5B900B6E450 /* GMFPlayerOverlayView.h */,
				9AF325BE1D14B5B900B6E450 /* GMFPlayerOverlayView.m */,
				9AF325BF1D14B5B900B6E450 /* GMFPlayerOverlayViewController.h */,
				9AF325C01D14B5B900B6E450 /* GMFPlayerOverlayViewController.m */,
				9AF325C11D14B5B900B6E450 /* GMFPlayerState.h */,
				9AF325C21D14B5B900B6E450 /* GMFPlayerView.h */,
				9AF325C31D14B5B900B6E450 /* GMFPlayerView.m */,
				9AF325C41D14B5B900B6E450 /* GMFPlayerViewController.h */,
				9AF325C51D14B5B900B6E450 /* GMFPlayerViewController.m */,
				9AF325C61D14B5B900B6E450 /* GMFResources.h */,
				9AF325C71D14B5B900B6E450 /* GMFResources.m */,
				9AF325C81D14B5B900B6E450 /* GMFTopBarView.h */,
				9AF325C91D14B5B900B6E450 /* GMFTopBarView.m */,
				9AF325CA1D14B5B900B6E450 /* GMFVideoPlayer.h */,
				9AF325CB1D14B5B900B6E450 /* GMFVideoPlayer.m */,
				9AF325CC1D14B5B900B6E450 /* GoogleMediaFramework-Prefix.pch */,
				9AF325CD1D14B5B900B6E450 /* GoogleMediaFramework.h */,
				9AF325CE1D14B5B900B6E450 /* GVPVideoPlayerSDK-Prefix.pch */,
				9AF325CF1D14B5B900B6E450 /* UIButton+GMFTintableButton.h */,
				9AF325D01D14B5B900B6E450 /* UIButton+GMFTintableButton.m */,
				9AF325D11D14B5B900B6E450 /* UIImage+GMFTintableImage.h */,
				9AF325D21D14B5B900B6E450 /* UIImage+GMFTintableImage.m */,
				9AF325D31D14B5B900B6E450 /* UILabel+GMFLabels.h */,
				9AF325D41D14B5B900B6E450 /* UILabel+GMFLabels.m */,
				9AF325D51D14B5B900B6E450 /* UISlider+GMFSlider.h */,
				9AF325D61D14B5B900B6E450 /* UISlider+GMFSlider.m */,
			);
			name = GoogleMediaFramework;
			sourceTree = "<group>";
		};
		9AF325FB1D14B5E300B6E450 /* Frameworks */ = {
			isa = PBXGroup;
			children = (
				9AF326111D14B6C200B6E450 /* Alamofire.framework */,
				9AF325FC1D14B5E300B6E450 /* GoogleInteractiveMediaAds.framework */,
			);
			path = Frameworks;
			sourceTree = "<group>";
		};
/* End PBXGroup section */

/* Begin PBXHeadersBuildPhase section */
		9AF324D61D14356E00B6E450 /* Headers */ = {
			isa = PBXHeadersBuildPhase;
			buildActionMask = 2147483647;
			files = (
				9AF325E51D14B5B900B6E450 /* GMFPlayerState.h in Headers */,
				9AF325F21D14B5B900B6E450 /* GVPVideoPlayerSDK-Prefix.pch in Headers */,
				9AF325E11D14B5B900B6E450 /* GMFPlayerOverlayView.h in Headers */,
				9AF325DB1D14B5B900B6E450 /* GMFIMASDKAdService.h in Headers */,
				9AF325E81D14B5B900B6E450 /* GMFPlayerViewController.h in Headers */,
				9AF325EE1D14B5B900B6E450 /* GMFVideoPlayer.h in Headers */,
				9AF325E01D14B5B900B6E450 /* GMFPlayerFinishReason.h in Headers */,
				9AF325EA1D14B5B900B6E450 /* GMFResources.h in Headers */,
				9AF325F31D14B5B900B6E450 /* UIButton+GMFTintableButton.h in Headers */,
				9AF325F11D14B5B900B6E450 /* GoogleMediaFramework.h in Headers */,
				9AF325F01D14B5B900B6E450 /* GoogleMediaFramework-Prefix.pch in Headers */,
				9AF325EC1D14B5B900B6E450 /* GMFTopBarView.h in Headers */,
				9AF325D71D14B5B900B6E450 /* GMFAdService.h in Headers */,
				9AF325E61D14B5B900B6E450 /* GMFPlayerView.h in Headers */,
				9AF325F91D14B5B900B6E450 /* UISlider+GMFSlider.h in Headers */,
				9AF325E31D14B5B900B6E450 /* GMFPlayerOverlayViewController.h in Headers */,
				9AF325F51D14B5B900B6E450 /* UIImage+GMFTintableImage.h in Headers */,
				9AF325DD1D14B5B900B6E450 /* GMFPlayerControlsProtocol.h in Headers */,
				9AF325D91D14B5B900B6E450 /* GMFContentPlayhead.h in Headers */,
				9AF325DE1D14B5B900B6E450 /* GMFPlayerControlsView.h in Headers */,
				9AF325F71D14B5B900B6E450 /* UILabel+GMFLabels.h in Headers */,
				9A5268011D22D5BD00C9C015 /* SambaPlayer.h in Headers */,
			);
			runOnlyForDeploymentPostprocessing = 0;
		};
/* End PBXHeadersBuildPhase section */

/* Begin PBXNativeTarget section */
		9A91E8C51D14BCBF00C30DD3 /* Test */ = {
			isa = PBXNativeTarget;
			buildConfigurationList = 9A91E8D51D14BCBF00C30DD3 /* Build configuration list for PBXNativeTarget "Test" */;
			buildPhases = (
				9A91E8C21D14BCBF00C30DD3 /* Sources */,
				9A91E8C31D14BCBF00C30DD3 /* Frameworks */,
				9A91E8C41D14BCBF00C30DD3 /* Resources */,
				9AEBF9241D4920A70033FBAC /* Embed Frameworks */,
			);
			buildRules = (
			);
			dependencies = (
				9AEBF9211D48FBAF0033FBAC /* PBXTargetDependency */,
			);
			name = Test;
			productName = Test;
			productReference = 9A91E8C61D14BCBF00C30DD3 /* Test.app */;
			productType = "com.apple.product-type.application";
		};
		9AEC54EA1D21C9E200EB1C4C /* TestObjC */ = {
			isa = PBXNativeTarget;
			buildConfigurationList = 9AEC55011D21C9E300EB1C4C /* Build configuration list for PBXNativeTarget "TestObjC" */;
			buildPhases = (
				9AEC54E71D21C9E200EB1C4C /* Sources */,
				9AEC54E81D21C9E200EB1C4C /* Frameworks */,
				9AEC54E91D21C9E200EB1C4C /* Resources */,
				9A0921B11D36D14700171F89 /* Embed Frameworks */,
			);
			buildRules = (
			);
			dependencies = (
				9A0921B01D36D14700171F89 /* PBXTargetDependency */,
			);
			name = TestObjC;
			productName = TestObjC;
			productReference = 9AEC54EB1D21C9E200EB1C4C /* TestObjC.app */;
			productType = "com.apple.product-type.application";
		};
		9AF324D81D14356E00B6E450 /* SambaPlayer */ = {
			isa = PBXNativeTarget;
			buildConfigurationList = 9AF324E11D14356E00B6E450 /* Build configuration list for PBXNativeTarget "SambaPlayer" */;
			buildPhases = (
				9AF324D41D14356E00B6E450 /* Sources */,
				9AF324D51D14356E00B6E450 /* Frameworks */,
				9AF324D61D14356E00B6E450 /* Headers */,
				9AF1A20C1D391CE60079F9FE /* ShellScript */,
				9AF324D71D14356E00B6E450 /* Resources */,
			);
			buildRules = (
			);
			dependencies = (
			);
			name = SambaPlayer;
			productName = SambaPlayer;
			productReference = 9AF3263D1D14B87E00B6E450 /* SambaPlayer.framework */;
			productType = "com.apple.product-type.framework";
		};
/* End PBXNativeTarget section */

/* Begin PBXProject section */
		9AF324D01D14356E00B6E450 /* Project object */ = {
			isa = PBXProject;
			attributes = {
				KnownAssetTags = (
					New,
				);
				LastSwiftUpdateCheck = 0730;
				LastUpgradeCheck = 0730;
				ORGANIZATIONNAME = "Samba Tech";
				TargetAttributes = {
					9A91E8C51D14BCBF00C30DD3 = {
						CreatedOnToolsVersion = 7.3.1;
						DevelopmentTeam = 89QU2W6X55;
					};
					9AEC54EA1D21C9E200EB1C4C = {
						CreatedOnToolsVersion = 7.3.1;
						DevelopmentTeam = 89QU2W6X55;
					};
					9AF324D81D14356E00B6E450 = {
						CreatedOnToolsVersion = 7.3.1;
						DevelopmentTeam = 89QU2W6X55;
					};
				};
			};
			buildConfigurationList = 9AF324D31D14356E00B6E450 /* Build configuration list for PBXProject "SambaPlayer" */;
			compatibilityVersion = "Xcode 3.2";
			developmentRegion = English;
			hasScannedForEncodings = 0;
			knownRegions = (
				en,
				Base,
			);
			mainGroup = 9AF324CF1D14356E00B6E450;
			productRefGroup = 9AF324CF1D14356E00B6E450;
			projectDirPath = "";
			projectRoot = "";
			targets = (
				9AF324D81D14356E00B6E450 /* SambaPlayer */,
				9A91E8C51D14BCBF00C30DD3 /* Test */,
				9AEC54EA1D21C9E200EB1C4C /* TestObjC */,
			);
		};
/* End PBXProject section */

/* Begin PBXResourcesBuildPhase section */
		9A91E8C41D14BCBF00C30DD3 /* Resources */ = {
			isa = PBXResourcesBuildPhase;
			buildActionMask = 2147483647;
			files = (
				9A91E9081D14BFA200C30DD3 /* Configs.plist in Resources */,
				9A91E90A1D14BFA200C30DD3 /* Assets.xcassets in Resources */,
				9A91E90F1D14BFB200C30DD3 /* Main.storyboard in Resources */,
				9A91E90E1D14BFB200C30DD3 /* LaunchScreen.storyboard in Resources */,
			);
			runOnlyForDeploymentPostprocessing = 0;
		};
		9AEC54E91D21C9E200EB1C4C /* Resources */ = {
			isa = PBXResourcesBuildPhase;
			buildActionMask = 2147483647;
			files = (
				9AEC54FD1D21C9E300EB1C4C /* LaunchScreen.storyboard in Resources */,
				9AEC54FA1D21C9E300EB1C4C /* Assets.xcassets in Resources */,
				9AEC54F81D21C9E300EB1C4C /* Main.storyboard in Resources */,
			);
			runOnlyForDeploymentPostprocessing = 0;
		};
		9AF324D71D14356E00B6E450 /* Resources */ = {
			isa = PBXResourcesBuildPhase;
			buildActionMask = 2147483647;
			files = (
				9A1ADBD21D4A3D09008A5BEE /* player_control_replay@3x.png in Resources */,
				9A1ADBCE1D4A3D09008A5BEE /* player_control_play_large@2x.png in Resources */,
				9A1ADBBB1D4A3D09008A5BEE /* player_control_ic_live@1x.png in Resources */,
				9A1ADBBE1D4A3D09008A5BEE /* player_control_maximize@1x.png in Resources */,
				9A1ADBB61D4A3D09008A5BEE /* GoogleMediaFramework.strings in Resources */,
				9A1ADBD31D4A3D09008A5BEE /* player_control_replay_large@1x.png in Resources */,
				9A1ADBC91D4A3D09008A5BEE /* player_control_pause_large@3x.png in Resources */,
				9A1ADBCD1D4A3D09008A5BEE /* player_control_play_large@1x.png in Resources */,
				9A1ADBBC1D4A3D09008A5BEE /* player_control_ic_live@2x.png in Resources */,
				9A1ADBD81D4A3D09008A5BEE /* player_scrubber_thumb@1x.png in Resources */,
				9A1ADBC41D4A3D09008A5BEE /* player_control_pause@1x.png in Resources */,
				9A1ADBC11D4A3D09008A5BEE /* player_control_minimize@1x.png in Resources */,
				9A1ADBC51D4A3D09008A5BEE /* player_control_pause@2x.png in Resources */,
				9A5268031D22D5BD00C9C015 /* Settings.plist in Resources */,
				9A1ADBD91D4A3D09008A5BEE /* player_scrubber_thumb@2x.png in Resources */,
				9A1ADBBA1D4A3D09008A5BEE /* player_control_hd@3x.png in Resources */,
				9A1ADBCF1D4A3D09008A5BEE /* player_control_play_large@3x.png in Resources */,
				9A1ADBDA1D4A3D09008A5BEE /* player_scrubber_thumb@3x.png in Resources */,
				9A1ADBC81D4A3D09008A5BEE /* player_control_pause_large@2x.png in Resources */,
				9A1ADBB71D4A3D09008A5BEE /* player_control_close@2x.png in Resources */,
				9AE08ABC1D3FFEF500C847CC /* OutputMenu.xib in Resources */,
				9A1ADBCC1D4A3D09008A5BEE /* player_control_play@3x.png in Resources */,
				9A1ADBB81D4A3D09008A5BEE /* player_control_hd@1x.png in Resources */,
				9A1ADBD11D4A3D09008A5BEE /* player_control_replay@2x.png in Resources */,
				9A1ADBC31D4A3D09008A5BEE /* player_control_minimize@3x.png in Resources */,
				9A1ADBBD1D4A3D09008A5BEE /* player_control_ic_live@3x.png in Resources */,
				9A1ADBD51D4A3D09008A5BEE /* player_control_replay_large@3x.png in Resources */,
				9A1ADBD71D4A3D09008A5BEE /* player_controls_title_bar_background@2x.png in Resources */,
				9A1ADBCA1D4A3D09008A5BEE /* player_control_play@1x.png in Resources */,
				9A1ADBD61D4A3D09008A5BEE /* player_controls_background@2x.png in Resources */,
				9A1ADBCB1D4A3D09008A5BEE /* player_control_play@2x.png in Resources */,
				9A1ADBD01D4A3D09008A5BEE /* player_control_replay@1x.png in Resources */,
				9A1ADBB91D4A3D09008A5BEE /* player_control_hd@2x.png in Resources */,
				9A1ADBD41D4A3D09008A5BEE /* player_control_replay_large@2x.png in Resources */,
				9A1ADBBF1D4A3D09008A5BEE /* player_control_maximize@2x.png in Resources */,
				9A1ADBC01D4A3D09008A5BEE /* player_control_maximize@3x.png in Resources */,
				9A1ADBC61D4A3D09008A5BEE /* player_control_pause@3x.png in Resources */,
				9A1ADBC21D4A3D09008A5BEE /* player_control_minimize@2x.png in Resources */,
				9A1ADBC71D4A3D09008A5BEE /* player_control_pause_large@1x.png in Resources */,
			);
			runOnlyForDeploymentPostprocessing = 0;
		};
/* End PBXResourcesBuildPhase section */

/* Begin PBXShellScriptBuildPhase section */
		9AF1A20C1D391CE60079F9FE /* ShellScript */ = {
			isa = PBXShellScriptBuildPhase;
			buildActionMask = 2147483647;
			files = (
			);
			inputPaths = (
			);
			outputPaths = (
			);
			runOnlyForDeploymentPostprocessing = 0;
			shellPath = /bin/sh;
			shellScript = ./setup.sh;
		};
/* End PBXShellScriptBuildPhase section */

/* Begin PBXSourcesBuildPhase section */
		9A91E8C21D14BCBF00C30DD3 /* Sources */ = {
			isa = PBXSourcesBuildPhase;
			buildActionMask = 2147483647;
			files = (
				9A91E9051D14BFA200C30DD3 /* AppDelegate.swift in Sources */,
				9A91E9021D14BFA200C30DD3 /* MediaListViewController.swift in Sources */,
				9A91E9061D14BFA200C30DD3 /* MediaListTableViewCell.swift in Sources */,
				9A91E9031D14BFA200C30DD3 /* Helpers.swift in Sources */,
				9A91E9041D14BFA200C30DD3 /* PlayerViewController.swift in Sources */,
			);
			runOnlyForDeploymentPostprocessing = 0;
		};
		9AEC54E71D21C9E200EB1C4C /* Sources */ = {
			isa = PBXSourcesBuildPhase;
			buildActionMask = 2147483647;
			files = (
				9AEC54F51D21C9E300EB1C4C /* ViewController.m in Sources */,
				9AEC54F21D21C9E300EB1C4C /* AppDelegate.m in Sources */,
				9AEC54EF1D21C9E300EB1C4C /* main.m in Sources */,
			);
			runOnlyForDeploymentPostprocessing = 0;
		};
		9AF324D41D14356E00B6E450 /* Sources */ = {
			isa = PBXSourcesBuildPhase;
			buildActionMask = 2147483647;
			files = (
				9AF325FA1D14B5B900B6E450 /* UISlider+GMFSlider.m in Sources */,
				9A5267FD1D22D5BD00C9C015 /* OutputMenuViewController.swift in Sources */,
				9AF325DF1D14B5B900B6E450 /* GMFPlayerControlsView.m in Sources */,
				9A5268001D22D5BD00C9C015 /* SambaMediaRequest.swift in Sources */,
				9AF325DA1D14B5B900B6E450 /* GMFContentPlayhead.m in Sources */,
				9AF325E91D14B5B900B6E450 /* GMFPlayerViewController.m in Sources */,
				9AF325F61D14B5B900B6E450 /* UIImage+GMFTintableImage.m in Sources */,
				9AF325EB1D14B5B900B6E450 /* GMFResources.m in Sources */,
				9A5267FE1D22D5BD00C9C015 /* SambaApi.swift in Sources */,
				9A5268021D22D5BD00C9C015 /* SambaPlayer.swift in Sources */,
				9AF325E41D14B5B900B6E450 /* GMFPlayerOverlayViewController.m in Sources */,
				9AF325E71D14B5B900B6E450 /* GMFPlayerView.m in Sources */,
				9A5268041D22D5BD00C9C015 /* Tracking.swift in Sources */,
				9A5268061D2304EC00C9C015 /* SambaMedia.swift in Sources */,
				9AF325E21D14B5B900B6E450 /* GMFPlayerOverlayView.m in Sources */,
				9AF325ED1D14B5B900B6E450 /* GMFTopBarView.m in Sources */,
				9AF325DC1D14B5B900B6E450 /* GMFIMASDKAdService.m in Sources */,
				9A5267FA1D22D5BD00C9C015 /* Helpers.swift in Sources */,
				9AF325F81D14B5B900B6E450 /* UILabel+GMFLabels.m in Sources */,
				9AF325F41D14B5B900B6E450 /* UIButton+GMFTintableButton.m in Sources */,
				9AF325D81D14B5B900B6E450 /* GMFAdService.m in Sources */,
				9AF325EF1D14B5B900B6E450 /* GMFVideoPlayer.m in Sources */,
			);
			runOnlyForDeploymentPostprocessing = 0;
		};
/* End PBXSourcesBuildPhase section */

/* Begin PBXTargetDependency section */
		9A0921B01D36D14700171F89 /* PBXTargetDependency */ = {
			isa = PBXTargetDependency;
			target = 9AF324D81D14356E00B6E450 /* SambaPlayer */;
			targetProxy = 9A0921AF1D36D14700171F89 /* PBXContainerItemProxy */;
		};
		9AEBF9211D48FBAF0033FBAC /* PBXTargetDependency */ = {
			isa = PBXTargetDependency;
			target = 9AF324D81D14356E00B6E450 /* SambaPlayer */;
			targetProxy = 9AEBF9201D48FBAF0033FBAC /* PBXContainerItemProxy */;
		};
/* End PBXTargetDependency section */

/* Begin PBXVariantGroup section */
		9A1ADB901D4A3D09008A5BEE /* GoogleMediaFramework.strings */ = {
			isa = PBXVariantGroup;
			children = (
				9A1ADB911D4A3D09008A5BEE /* en */,
			);
			name = GoogleMediaFramework.strings;
			sourceTree = "<group>";
		};
		9AEC54F61D21C9E300EB1C4C /* Main.storyboard */ = {
			isa = PBXVariantGroup;
			children = (
				9AEC54F71D21C9E300EB1C4C /* Base */,
			);
			name = Main.storyboard;
			sourceTree = "<group>";
		};
		9AEC54FB1D21C9E300EB1C4C /* LaunchScreen.storyboard */ = {
			isa = PBXVariantGroup;
			children = (
				9AEC54FC1D21C9E300EB1C4C /* Base */,
			);
			name = LaunchScreen.storyboard;
			sourceTree = "<group>";
		};
/* End PBXVariantGroup section */

/* Begin XCBuildConfiguration section */
		9A91E8D61D14BCBF00C30DD3 /* Debug */ = {
			isa = XCBuildConfiguration;
			buildSettings = {
				ASSETCATALOG_COMPILER_APPICON_NAME = AppIcon;
				EMBEDDED_CONTENT_CONTAINS_SWIFT = YES;
				FRAMEWORK_SEARCH_PATHS = (
					"$(inherited)",
					"$(PROJECT_DIR)/Frameworks",
				);
				INFOPLIST_FILE = Test/Info.plist;
				LD_RUNPATH_SEARCH_PATHS = "@executable_path/Frameworks";
				OTHER_LDFLAGS = "";
				PRODUCT_BUNDLE_IDENTIFIER = com.sambatech.SampleSBPlayer;
				PRODUCT_NAME = "$(TARGET_NAME)";
				SWIFT_OBJC_BRIDGING_HEADER = "Test/Test-Bridging-Header.h";
				SWIFT_OPTIMIZATION_LEVEL = "-Onone";
			};
			name = Debug;
		};
		9A91E8D71D14BCBF00C30DD3 /* Release */ = {
			isa = XCBuildConfiguration;
			buildSettings = {
				ASSETCATALOG_COMPILER_APPICON_NAME = AppIcon;
				EMBEDDED_CONTENT_CONTAINS_SWIFT = YES;
				FRAMEWORK_SEARCH_PATHS = (
					"$(inherited)",
					"$(PROJECT_DIR)/Frameworks",
				);
				INFOPLIST_FILE = Test/Info.plist;
				LD_RUNPATH_SEARCH_PATHS = "@executable_path/Frameworks";
				OTHER_LDFLAGS = "";
				PRODUCT_BUNDLE_IDENTIFIER = com.sambatech.SampleSBPlayer;
				PRODUCT_NAME = "$(TARGET_NAME)";
				SWIFT_OBJC_BRIDGING_HEADER = "Test/Test-Bridging-Header.h";
			};
			name = Release;
		};
		9AEC54FF1D21C9E300EB1C4C /* Debug */ = {
			isa = XCBuildConfiguration;
			buildSettings = {
				ASSETCATALOG_COMPILER_APPICON_NAME = AppIcon;
				DEFINES_MODULE = YES;
				EMBEDDED_CONTENT_CONTAINS_SWIFT = YES;
				FRAMEWORK_SEARCH_PATHS = (
					"${inherited}",
					"$(PROJECT_DIR)/Frameworks",
				);
				INFOPLIST_FILE = TestObjC/Info.plist;
				LD_RUNPATH_SEARCH_PATHS = "@executable_path/Frameworks";
				PRODUCT_BUNDLE_IDENTIFIER = com.sambatech.SampleSBPlayer;
				PRODUCT_NAME = "$(TARGET_NAME)";
			};
			name = Debug;
		};
		9AEC55001D21C9E300EB1C4C /* Release */ = {
			isa = XCBuildConfiguration;
			buildSettings = {
				ASSETCATALOG_COMPILER_APPICON_NAME = AppIcon;
				DEFINES_MODULE = YES;
				EMBEDDED_CONTENT_CONTAINS_SWIFT = YES;
				FRAMEWORK_SEARCH_PATHS = (
					"${inherited}",
					"$(PROJECT_DIR)/Frameworks",
				);
				INFOPLIST_FILE = TestObjC/Info.plist;
				LD_RUNPATH_SEARCH_PATHS = "@executable_path/Frameworks";
				PRODUCT_BUNDLE_IDENTIFIER = com.sambatech.SampleSBPlayer;
				PRODUCT_NAME = "$(TARGET_NAME)";
			};
			name = Release;
		};
		9AF324DF1D14356E00B6E450 /* Debug */ = {
			isa = XCBuildConfiguration;
			buildSettings = {
				ALWAYS_SEARCH_USER_PATHS = NO;
				CLANG_ALLOW_NON_MODULAR_INCLUDES_IN_FRAMEWORK_MODULES = NO;
				CLANG_ANALYZER_NONNULL = YES;
				CLANG_CXX_LANGUAGE_STANDARD = "gnu++0x";
				CLANG_CXX_LIBRARY = "libc++";
				CLANG_ENABLE_MODULES = YES;
				CLANG_ENABLE_OBJC_ARC = YES;
				CLANG_WARN_BOOL_CONVERSION = YES;
				CLANG_WARN_CONSTANT_CONVERSION = YES;
				CLANG_WARN_DIRECT_OBJC_ISA_USAGE = YES_ERROR;
				CLANG_WARN_EMPTY_BODY = YES;
				CLANG_WARN_ENUM_CONVERSION = YES;
				CLANG_WARN_INT_CONVERSION = YES;
				CLANG_WARN_OBJC_ROOT_CLASS = YES_ERROR;
				CLANG_WARN_UNREACHABLE_CODE = YES;
				CLANG_WARN__DUPLICATE_METHOD_MATCH = YES;
				CODE_SIGN_IDENTITY = "iPhone Developer";
				COPY_PHASE_STRIP = NO;
				CURRENT_PROJECT_VERSION = 1;
				DEBUG_INFORMATION_FORMAT = dwarf;
				ENABLE_BITCODE = NO;
				ENABLE_STRICT_OBJC_MSGSEND = YES;
				ENABLE_TESTABILITY = YES;
				GCC_C_LANGUAGE_STANDARD = gnu99;
				GCC_DYNAMIC_NO_PIC = NO;
				GCC_NO_COMMON_BLOCKS = YES;
				GCC_OPTIMIZATION_LEVEL = 0;
				GCC_PREPROCESSOR_DEFINITIONS = (
					"DEBUG=1",
					"$(inherited)",
				);
				GCC_WARN_64_TO_32_BIT_CONVERSION = YES;
				GCC_WARN_ABOUT_RETURN_TYPE = YES_ERROR;
				GCC_WARN_UNDECLARED_SELECTOR = YES;
				GCC_WARN_UNINITIALIZED_AUTOS = YES_AGGRESSIVE;
				GCC_WARN_UNUSED_FUNCTION = YES;
				GCC_WARN_UNUSED_VARIABLE = YES;
				HEADER_SEARCH_PATHS = "${SRCROOT}";
				IPHONEOS_DEPLOYMENT_TARGET = 8.0;
				MTL_ENABLE_DEBUG_INFO = YES;
				ONLY_ACTIVE_ARCH = YES;
				OTHER_CODE_SIGN_FLAGS = "--deep";
				SDKROOT = iphoneos;
				TARGETED_DEVICE_FAMILY = "1,2";
				VERSIONING_SYSTEM = "apple-generic";
				VERSION_INFO_PREFIX = "";
			};
			name = Debug;
		};
		9AF324E01D14356E00B6E450 /* Release */ = {
			isa = XCBuildConfiguration;
			buildSettings = {
				ALWAYS_SEARCH_USER_PATHS = NO;
				CLANG_ALLOW_NON_MODULAR_INCLUDES_IN_FRAMEWORK_MODULES = NO;
				CLANG_ANALYZER_NONNULL = YES;
				CLANG_CXX_LANGUAGE_STANDARD = "gnu++0x";
				CLANG_CXX_LIBRARY = "libc++";
				CLANG_ENABLE_MODULES = YES;
				CLANG_ENABLE_OBJC_ARC = YES;
				CLANG_WARN_BOOL_CONVERSION = YES;
				CLANG_WARN_CONSTANT_CONVERSION = YES;
				CLANG_WARN_DIRECT_OBJC_ISA_USAGE = YES_ERROR;
				CLANG_WARN_EMPTY_BODY = YES;
				CLANG_WARN_ENUM_CONVERSION = YES;
				CLANG_WARN_INT_CONVERSION = YES;
				CLANG_WARN_OBJC_ROOT_CLASS = YES_ERROR;
				CLANG_WARN_UNREACHABLE_CODE = YES;
				CLANG_WARN__DUPLICATE_METHOD_MATCH = YES;
				CODE_SIGN_IDENTITY = "iPhone Developer";
				COPY_PHASE_STRIP = NO;
				CURRENT_PROJECT_VERSION = 1;
				DEBUG_INFORMATION_FORMAT = "dwarf-with-dsym";
				ENABLE_BITCODE = NO;
				ENABLE_NS_ASSERTIONS = NO;
				ENABLE_STRICT_OBJC_MSGSEND = YES;
				GCC_C_LANGUAGE_STANDARD = gnu99;
				GCC_NO_COMMON_BLOCKS = YES;
				GCC_WARN_64_TO_32_BIT_CONVERSION = YES;
				GCC_WARN_ABOUT_RETURN_TYPE = YES_ERROR;
				GCC_WARN_UNDECLARED_SELECTOR = YES;
				GCC_WARN_UNINITIALIZED_AUTOS = YES_AGGRESSIVE;
				GCC_WARN_UNUSED_FUNCTION = YES;
				GCC_WARN_UNUSED_VARIABLE = YES;
				HEADER_SEARCH_PATHS = "${SRCROOT}";
				IPHONEOS_DEPLOYMENT_TARGET = 8.0;
				MTL_ENABLE_DEBUG_INFO = NO;
				OTHER_CODE_SIGN_FLAGS = "--deep";
				SDKROOT = iphoneos;
				TARGETED_DEVICE_FAMILY = "1,2";
				VALIDATE_PRODUCT = YES;
				VERSIONING_SYSTEM = "apple-generic";
				VERSION_INFO_PREFIX = "";
			};
			name = Release;
		};
		9AF324E21D14356E00B6E450 /* Debug */ = {
			isa = XCBuildConfiguration;
			buildSettings = {
				DEFINES_MODULE = YES;
				DYLIB_COMPATIBILITY_VERSION = 1;
				DYLIB_CURRENT_VERSION = 1;
				FRAMEWORK_SEARCH_PATHS = (
					"$(inherited)",
					"$(PROJECT_DIR)",
					"$(PROJECT_DIR)/Frameworks",
				);
				INFOPLIST_FILE = SambaPlayer/Info.plist;
				INSTALL_PATH = "@rpath";
				MODULEMAP_FILE = SambaPlayer/Exportable.modulemap;
				OTHER_LDFLAGS = "-ObjC";
				PRODUCT_BUNDLE_IDENTIFIER = com.sambatech.SambaPlayer;
				PRODUCT_NAME = SambaPlayer;
				SWIFT_OPTIMIZATION_LEVEL = "-Onone";
			};
			name = Debug;
		};
		9AF324E31D14356E00B6E450 /* Release */ = {
			isa = XCBuildConfiguration;
			buildSettings = {
				DEFINES_MODULE = YES;
				DYLIB_COMPATIBILITY_VERSION = 1;
				DYLIB_CURRENT_VERSION = 1;
				FRAMEWORK_SEARCH_PATHS = (
					"$(inherited)",
					"$(PROJECT_DIR)",
					"$(PROJECT_DIR)/Frameworks",
				);
				INFOPLIST_FILE = SambaPlayer/Info.plist;
				INSTALL_PATH = "@rpath";
				MODULEMAP_FILE = SambaPlayer/Exportable.modulemap;
				OTHER_LDFLAGS = "-ObjC";
				PRODUCT_BUNDLE_IDENTIFIER = com.sambatech.SambaPlayer;
				PRODUCT_NAME = SambaPlayer;
			};
			name = Release;
		};
/* End XCBuildConfiguration section */

/* Begin XCConfigurationList section */
		9A91E8D51D14BCBF00C30DD3 /* Build configuration list for PBXNativeTarget "Test" */ = {
			isa = XCConfigurationList;
			buildConfigurations = (
				9A91E8D61D14BCBF00C30DD3 /* Debug */,
				9A91E8D71D14BCBF00C30DD3 /* Release */,
			);
			defaultConfigurationIsVisible = 0;
			defaultConfigurationName = Release;
		};
		9AEC55011D21C9E300EB1C4C /* Build configuration list for PBXNativeTarget "TestObjC" */ = {
			isa = XCConfigurationList;
			buildConfigurations = (
				9AEC54FF1D21C9E300EB1C4C /* Debug */,
				9AEC55001D21C9E300EB1C4C /* Release */,
			);
			defaultConfigurationIsVisible = 0;
			defaultConfigurationName = Release;
		};
		9AF324D31D14356E00B6E450 /* Build configuration list for PBXProject "SambaPlayer" */ = {
			isa = XCConfigurationList;
			buildConfigurations = (
				9AF324DF1D14356E00B6E450 /* Debug */,
				9AF324E01D14356E00B6E450 /* Release */,
			);
			defaultConfigurationIsVisible = 0;
			defaultConfigurationName = Release;
		};
		9AF324E11D14356E00B6E450 /* Build configuration list for PBXNativeTarget "SambaPlayer" */ = {
			isa = XCConfigurationList;
			buildConfigurations = (
				9AF324E21D14356E00B6E450 /* Debug */,
				9AF324E31D14356E00B6E450 /* Release */,
			);
			defaultConfigurationIsVisible = 0;
			defaultConfigurationName = Release;
		};
/* End XCConfigurationList section */
	};
	rootObject = 9AF324D01D14356E00B6E450 /* Project object */;
}
